// !$*UTF8*$!
{
	archiveVersion = 1;
	classes = {
	};
	objectVersion = 52;
	objects = {

/* Begin PBXBuildFile section */
		A90248BC28FD4CDC0038A4FC /* PlaceholderView.swift in Sources */ = {isa = PBXBuildFile; fileRef = A90248BB28FD4CDC0038A4FC /* PlaceholderView.swift */; };
		A90248BE28FD4D720038A4FC /* PlaceholderAppearance.swift in Sources */ = {isa = PBXBuildFile; fileRef = A90248BD28FD4D720038A4FC /* PlaceholderAppearance.swift */; };
		A90248C028FD52460038A4FC /* PlaceholderCell.swift in Sources */ = {isa = PBXBuildFile; fileRef = A90248BF28FD52460038A4FC /* PlaceholderCell.swift */; };
		A943732928EA9FB8000282FC /* CollectionViewTools.xcframework in Frameworks */ = {isa = PBXBuildFile; fileRef = A943732228EA9FB8000282FC /* CollectionViewTools.xcframework */; };
		A943732B28EA9FB8000282FC /* DeepDiff.xcframework in Frameworks */ = {isa = PBXBuildFile; fileRef = A943732328EA9FB8000282FC /* DeepDiff.xcframework */; };
		A943732D28EA9FB8000282FC /* Framezilla.xcframework in Frameworks */ = {isa = PBXBuildFile; fileRef = A943732428EA9FB8000282FC /* Framezilla.xcframework */; };
		A943732F28EA9FB8000282FC /* Ion.xcframework in Frameworks */ = {isa = PBXBuildFile; fileRef = A943732528EA9FB8000282FC /* Ion.xcframework */; };
		A943733128EA9FB8000282FC /* MediaService.xcframework in Frameworks */ = {isa = PBXBuildFile; fileRef = A943732628EA9FB8000282FC /* MediaService.xcframework */; };
		A943733328EA9FB8000282FC /* RCam.xcframework in Frameworks */ = {isa = PBXBuildFile; fileRef = A943732728EA9FB8000282FC /* RCam.xcframework */; };
		A943733528EA9FB8000282FC /* Texstyle.xcframework in Frameworks */ = {isa = PBXBuildFile; fileRef = A943732828EA9FB8000282FC /* Texstyle.xcframework */; };
		A96B487928EA964500CEF821 /* Media.h in Headers */ = {isa = PBXBuildFile; fileRef = A96B482128EA964500CEF821 /* Media.h */; };
		A96B487A28EA964500CEF821 /* MediaCoordinator.swift in Sources */ = {isa = PBXBuildFile; fileRef = A96B482428EA964500CEF821 /* MediaCoordinator.swift */; };
		A96B487B28EA964500CEF821 /* MediaItemsFilter+title.swift in Sources */ = {isa = PBXBuildFile; fileRef = A96B482628EA964500CEF821 /* MediaItemsFilter+title.swift */; };
		A96B487C28EA964500CEF821 /* CGRect+Convenience.swift in Sources */ = {isa = PBXBuildFile; fileRef = A96B482728EA964500CEF821 /* CGRect+Convenience.swift */; };
		A96B487D28EA964500CEF821 /* UIViewController+Child.swift in Sources */ = {isa = PBXBuildFile; fileRef = A96B482828EA964500CEF821 /* UIViewController+Child.swift */; };
		A96B487E28EA964500CEF821 /* CATransaction+Block.swift in Sources */ = {isa = PBXBuildFile; fileRef = A96B482928EA964500CEF821 /* CATransaction+Block.swift */; };
		A96B487F28EA964500CEF821 /* UIColor+Sugar.swift in Sources */ = {isa = PBXBuildFile; fileRef = A96B482A28EA964500CEF821 /* UIColor+Sugar.swift */; };
		A96B488028EA964500CEF821 /* AVPlayerLayer+ReadyHandler.swift in Sources */ = {isa = PBXBuildFile; fileRef = A96B482B28EA964500CEF821 /* AVPlayerLayer+ReadyHandler.swift */; };
		A96B488128EA964500CEF821 /* UIColor+Tools.swift in Sources */ = {isa = PBXBuildFile; fileRef = A96B482C28EA964500CEF821 /* UIColor+Tools.swift */; };
		A96B488228EA964500CEF821 /* AVAsset+PresentationSize.swift in Sources */ = {isa = PBXBuildFile; fileRef = A96B482D28EA964500CEF821 /* AVAsset+PresentationSize.swift */; };
		A96B488328EA964500CEF821 /* UIImage+Orientation.swift in Sources */ = {isa = PBXBuildFile; fileRef = A96B482E28EA964500CEF821 /* UIImage+Orientation.swift */; };
		A96B488428EA964500CEF821 /* AVAssetTrack+Size.swift in Sources */ = {isa = PBXBuildFile; fileRef = A96B482F28EA964500CEF821 /* AVAssetTrack+Size.swift */; };
		A96B488528EA964500CEF821 /* UIEdgeInsets+Sum.swift in Sources */ = {isa = PBXBuildFile; fileRef = A96B483028EA964500CEF821 /* UIEdgeInsets+Sum.swift */; };
		A96B488628EA964500CEF821 /* PHAsset+DiffCompatible.swift in Sources */ = {isa = PBXBuildFile; fileRef = A96B483128EA964500CEF821 /* PHAsset+DiffCompatible.swift */; };
		A96B488728EA964500CEF821 /* AVPlayer+Stop.swift in Sources */ = {isa = PBXBuildFile; fileRef = A96B483228EA964500CEF821 /* AVPlayer+Stop.swift */; };
		A96B488828EA964500CEF821 /* PlayerView.swift in Sources */ = {isa = PBXBuildFile; fileRef = A96B483528EA964500CEF821 /* PlayerView.swift */; };
		A96B488928EA964500CEF821 /* ActionButton.swift in Sources */ = {isa = PBXBuildFile; fileRef = A96B483728EA964500CEF821 /* ActionButton.swift */; };
		A96B488B28EA964500CEF821 /* AlbumTitleView.swift in Sources */ = {isa = PBXBuildFile; fileRef = A96B483B28EA964500CEF821 /* AlbumTitleView.swift */; };
		A96B488C28EA964500CEF821 /* SwitchView.swift in Sources */ = {isa = PBXBuildFile; fileRef = A96B483D28EA964500CEF821 /* SwitchView.swift */; };
		A96B488E28EA964500CEF821 /* AssetSectionAppearance.swift in Sources */ = {isa = PBXBuildFile; fileRef = A96B484028EA964500CEF821 /* AssetSectionAppearance.swift */; };
		A96B488F28EA964500CEF821 /* MediaAppearance.swift in Sources */ = {isa = PBXBuildFile; fileRef = A96B484128EA964500CEF821 /* MediaAppearance.swift */; };
		A96B489028EA964500CEF821 /* AlbumCellAppearance.swift in Sources */ = {isa = PBXBuildFile; fileRef = A96B484228EA964500CEF821 /* AlbumCellAppearance.swift */; };
		A96B489128EA964500CEF821 /* ActionButtonAppearance.swift in Sources */ = {isa = PBXBuildFile; fileRef = A96B484328EA964500CEF821 /* ActionButtonAppearance.swift */; };
		A96B489228EA964500CEF821 /* CollectionViewAppearance.swift in Sources */ = {isa = PBXBuildFile; fileRef = A96B484428EA964500CEF821 /* CollectionViewAppearance.swift */; };
		A96B489328EA964500CEF821 /* NavigationAppearance.swift in Sources */ = {isa = PBXBuildFile; fileRef = A96B484528EA964500CEF821 /* NavigationAppearance.swift */; };
		A96B489428EA964500CEF821 /* AccessManagerAppearance.swift in Sources */ = {isa = PBXBuildFile; fileRef = A96B484628EA964500CEF821 /* AccessManagerAppearance.swift */; };
		A96B489528EA964500CEF821 /* ActionSheetAppearance.swift in Sources */ = {isa = PBXBuildFile; fileRef = A96B484728EA964500CEF821 /* ActionSheetAppearance.swift */; };
		A96B489628EA964500CEF821 /* AssetCellAppearance.swift in Sources */ = {isa = PBXBuildFile; fileRef = A96B484828EA964500CEF821 /* AssetCellAppearance.swift */; };
		A96B489728EA964500CEF821 /* AlbumSectionAppearance.swift in Sources */ = {isa = PBXBuildFile; fileRef = A96B484928EA964500CEF821 /* AlbumSectionAppearance.swift */; };
		A96B489828EA964500CEF821 /* ATRButton.swift in Sources */ = {isa = PBXBuildFile; fileRef = A96B484B28EA964500CEF821 /* ATRButton.swift */; };
		A96B489928EA964500CEF821 /* AccessManagerView.swift in Sources */ = {isa = PBXBuildFile; fileRef = A96B484D28EA964500CEF821 /* AccessManagerView.swift */; };
		A96B489A28EA964500CEF821 /* DropdownButton.swift in Sources */ = {isa = PBXBuildFile; fileRef = A96B484F28EA964500CEF821 /* DropdownButton.swift */; };
		A96B489B28EA964500CEF821 /* ActionSheetViewController.swift in Sources */ = {isa = PBXBuildFile; fileRef = A96B485228EA964500CEF821 /* ActionSheetViewController.swift */; };
		A96B489C28EA964500CEF821 /* MediaItemPreviewPresenter.swift in Sources */ = {isa = PBXBuildFile; fileRef = A96B485428EA964500CEF821 /* MediaItemPreviewPresenter.swift */; };
		A96B489D28EA964500CEF821 /* MediaItemPreviewViewController.swift in Sources */ = {isa = PBXBuildFile; fileRef = A96B485528EA964500CEF821 /* MediaItemPreviewViewController.swift */; };
		A96B489E28EA964500CEF821 /* MediaItemPreviewModule.swift in Sources */ = {isa = PBXBuildFile; fileRef = A96B485628EA964500CEF821 /* MediaItemPreviewModule.swift */; };
		A96B489F28EA964500CEF821 /* GalleryModule.swift in Sources */ = {isa = PBXBuildFile; fileRef = A96B485828EA964500CEF821 /* GalleryModule.swift */; };
		A96B48A028EA964500CEF821 /* CollectionCell.swift in Sources */ = {isa = PBXBuildFile; fileRef = A96B485B28EA964500CEF821 /* CollectionCell.swift */; };
		A96B48A128EA964500CEF821 /* CollectionCellItem.swift in Sources */ = {isa = PBXBuildFile; fileRef = A96B485C28EA964500CEF821 /* CollectionCellItem.swift */; };
		A96B48A228EA964500CEF821 /* CollectionCellModel.swift in Sources */ = {isa = PBXBuildFile; fileRef = A96B485D28EA964500CEF821 /* CollectionCellModel.swift */; };
		A96B48A328EA964500CEF821 /* MediaItemCell.swift in Sources */ = {isa = PBXBuildFile; fileRef = A96B485F28EA964500CEF821 /* MediaItemCell.swift */; };
		A96B48A428EA964500CEF821 /* SelectionView.swift in Sources */ = {isa = PBXBuildFile; fileRef = A96B486028EA964500CEF821 /* SelectionView.swift */; };
		A96B48A528EA964500CEF821 /* EmptyItemCellModel.swift in Sources */ = {isa = PBXBuildFile; fileRef = A96B486228EA964500CEF821 /* EmptyItemCellModel.swift */; };
		A96B48A628EA964500CEF821 /* VideoItemCellModel.swift in Sources */ = {isa = PBXBuildFile; fileRef = A96B486328EA964500CEF821 /* VideoItemCellModel.swift */; };
		A96B48A728EA964500CEF821 /* PhotoItemCellModel.swift in Sources */ = {isa = PBXBuildFile; fileRef = A96B486428EA964500CEF821 /* PhotoItemCellModel.swift */; };
		A96B48A828EA964500CEF821 /* VideoMediaItemCell.swift in Sources */ = {isa = PBXBuildFile; fileRef = A96B486628EA964500CEF821 /* VideoMediaItemCell.swift */; };
		A96B48A928EA964500CEF821 /* PlaceholderCellItem.swift in Sources */ = {isa = PBXBuildFile; fileRef = A96B486828EA964500CEF821 /* PlaceholderCellItem.swift */; };
		A96B48AA28EA964500CEF821 /* PhotoMediaItemCell.swift in Sources */ = {isa = PBXBuildFile; fileRef = A96B486A28EA964500CEF821 /* PhotoMediaItemCell.swift */; };
		A96B48AB28EA964500CEF821 /* GalleryViewController.swift in Sources */ = {isa = PBXBuildFile; fileRef = A96B486B28EA964500CEF821 /* GalleryViewController.swift */; };
		A96B48AC28EA964500CEF821 /* GalleryPresenter.swift in Sources */ = {isa = PBXBuildFile; fileRef = A96B486C28EA964500CEF821 /* GalleryPresenter.swift */; };
		A96B48AD28EA964500CEF821 /* GallerySectionsFactory.swift in Sources */ = {isa = PBXBuildFile; fileRef = A96B486D28EA964500CEF821 /* GallerySectionsFactory.swift */; };
		A96B48AE28EA964500CEF821 /* MainServiceFactory.swift in Sources */ = {isa = PBXBuildFile; fileRef = A96B486F28EA964500CEF821 /* MainServiceFactory.swift */; };
		A96B48AF28EA964500CEF821 /* Strings.swift in Sources */ = {isa = PBXBuildFile; fileRef = A96B487128EA964500CEF821 /* Strings.swift */; };
		A96B48B028EA964500CEF821 /* Assets.swift in Sources */ = {isa = PBXBuildFile; fileRef = A96B487228EA964500CEF821 /* Assets.swift */; };
		A96B48B128EA964600CEF821 /* TextStyles.swift in Sources */ = {isa = PBXBuildFile; fileRef = A96B487328EA964500CEF821 /* TextStyles.swift */; };
		A96B48B228EA964600CEF821 /* Localizable.strings in Resources */ = {isa = PBXBuildFile; fileRef = A96B487428EA964500CEF821 /* Localizable.strings */; };
		A96B48B328EA964600CEF821 /* UIColor.swift in Sources */ = {isa = PBXBuildFile; fileRef = A96B487628EA964500CEF821 /* UIColor.swift */; };
		A96B48B428EA964600CEF821 /* Assets.xcassets in Resources */ = {isa = PBXBuildFile; fileRef = A96B487728EA964500CEF821 /* Assets.xcassets */; };
/* End PBXBuildFile section */

/* Begin PBXFileReference section */
		1373AFFC22DC235400F28EF0 /* Media.framework */ = {isa = PBXFileReference; explicitFileType = wrapper.framework; includeInIndex = 0; path = Media.framework; sourceTree = BUILT_PRODUCTS_DIR; };
		A90248BB28FD4CDC0038A4FC /* PlaceholderView.swift */ = {isa = PBXFileReference; fileEncoding = 4; lastKnownFileType = sourcecode.swift; path = PlaceholderView.swift; sourceTree = "<group>"; };
		A90248BD28FD4D720038A4FC /* PlaceholderAppearance.swift */ = {isa = PBXFileReference; fileEncoding = 4; lastKnownFileType = sourcecode.swift; path = PlaceholderAppearance.swift; sourceTree = "<group>"; };
		A90248BF28FD52460038A4FC /* PlaceholderCell.swift */ = {isa = PBXFileReference; fileEncoding = 4; lastKnownFileType = sourcecode.swift; path = PlaceholderCell.swift; sourceTree = "<group>"; };
		A943732228EA9FB8000282FC /* CollectionViewTools.xcframework */ = {isa = PBXFileReference; lastKnownFileType = wrapper.xcframework; name = CollectionViewTools.xcframework; path = Carthage/Build/CollectionViewTools.xcframework; sourceTree = "<group>"; };
		A943732328EA9FB8000282FC /* DeepDiff.xcframework */ = {isa = PBXFileReference; lastKnownFileType = wrapper.xcframework; name = DeepDiff.xcframework; path = Carthage/Build/DeepDiff.xcframework; sourceTree = "<group>"; };
		A943732428EA9FB8000282FC /* Framezilla.xcframework */ = {isa = PBXFileReference; lastKnownFileType = wrapper.xcframework; name = Framezilla.xcframework; path = Carthage/Build/Framezilla.xcframework; sourceTree = "<group>"; };
		A943732528EA9FB8000282FC /* Ion.xcframework */ = {isa = PBXFileReference; lastKnownFileType = wrapper.xcframework; name = Ion.xcframework; path = Carthage/Build/Ion.xcframework; sourceTree = "<group>"; };
		A943732628EA9FB8000282FC /* MediaService.xcframework */ = {isa = PBXFileReference; lastKnownFileType = wrapper.xcframework; name = MediaService.xcframework; path = Carthage/Build/MediaService.xcframework; sourceTree = "<group>"; };
		A943732728EA9FB8000282FC /* RCam.xcframework */ = {isa = PBXFileReference; lastKnownFileType = wrapper.xcframework; name = RCam.xcframework; path = Carthage/Build/RCam.xcframework; sourceTree = "<group>"; };
		A943732828EA9FB8000282FC /* Texstyle.xcframework */ = {isa = PBXFileReference; lastKnownFileType = wrapper.xcframework; name = Texstyle.xcframework; path = Carthage/Build/Texstyle.xcframework; sourceTree = "<group>"; };
		A96B482128EA964500CEF821 /* Media.h */ = {isa = PBXFileReference; fileEncoding = 4; lastKnownFileType = sourcecode.c.h; path = Media.h; sourceTree = "<group>"; };
		A96B482428EA964500CEF821 /* MediaCoordinator.swift */ = {isa = PBXFileReference; fileEncoding = 4; lastKnownFileType = sourcecode.swift; path = MediaCoordinator.swift; sourceTree = "<group>"; };
		A96B482628EA964500CEF821 /* MediaItemsFilter+title.swift */ = {isa = PBXFileReference; fileEncoding = 4; lastKnownFileType = sourcecode.swift; path = "MediaItemsFilter+title.swift"; sourceTree = "<group>"; };
		A96B482728EA964500CEF821 /* CGRect+Convenience.swift */ = {isa = PBXFileReference; fileEncoding = 4; lastKnownFileType = sourcecode.swift; path = "CGRect+Convenience.swift"; sourceTree = "<group>"; };
		A96B482828EA964500CEF821 /* UIViewController+Child.swift */ = {isa = PBXFileReference; fileEncoding = 4; lastKnownFileType = sourcecode.swift; path = "UIViewController+Child.swift"; sourceTree = "<group>"; };
		A96B482928EA964500CEF821 /* CATransaction+Block.swift */ = {isa = PBXFileReference; fileEncoding = 4; lastKnownFileType = sourcecode.swift; path = "CATransaction+Block.swift"; sourceTree = "<group>"; };
		A96B482A28EA964500CEF821 /* UIColor+Sugar.swift */ = {isa = PBXFileReference; fileEncoding = 4; lastKnownFileType = sourcecode.swift; path = "UIColor+Sugar.swift"; sourceTree = "<group>"; };
		A96B482B28EA964500CEF821 /* AVPlayerLayer+ReadyHandler.swift */ = {isa = PBXFileReference; fileEncoding = 4; lastKnownFileType = sourcecode.swift; path = "AVPlayerLayer+ReadyHandler.swift"; sourceTree = "<group>"; };
		A96B482C28EA964500CEF821 /* UIColor+Tools.swift */ = {isa = PBXFileReference; fileEncoding = 4; lastKnownFileType = sourcecode.swift; path = "UIColor+Tools.swift"; sourceTree = "<group>"; };
		A96B482D28EA964500CEF821 /* AVAsset+PresentationSize.swift */ = {isa = PBXFileReference; fileEncoding = 4; lastKnownFileType = sourcecode.swift; path = "AVAsset+PresentationSize.swift"; sourceTree = "<group>"; };
		A96B482E28EA964500CEF821 /* UIImage+Orientation.swift */ = {isa = PBXFileReference; fileEncoding = 4; lastKnownFileType = sourcecode.swift; path = "UIImage+Orientation.swift"; sourceTree = "<group>"; };
		A96B482F28EA964500CEF821 /* AVAssetTrack+Size.swift */ = {isa = PBXFileReference; fileEncoding = 4; lastKnownFileType = sourcecode.swift; path = "AVAssetTrack+Size.swift"; sourceTree = "<group>"; };
		A96B483028EA964500CEF821 /* UIEdgeInsets+Sum.swift */ = {isa = PBXFileReference; fileEncoding = 4; lastKnownFileType = sourcecode.swift; path = "UIEdgeInsets+Sum.swift"; sourceTree = "<group>"; };
		A96B483128EA964500CEF821 /* PHAsset+DiffCompatible.swift */ = {isa = PBXFileReference; fileEncoding = 4; lastKnownFileType = sourcecode.swift; path = "PHAsset+DiffCompatible.swift"; sourceTree = "<group>"; };
		A96B483228EA964500CEF821 /* AVPlayer+Stop.swift */ = {isa = PBXFileReference; fileEncoding = 4; lastKnownFileType = sourcecode.swift; path = "AVPlayer+Stop.swift"; sourceTree = "<group>"; };
		A96B483528EA964500CEF821 /* PlayerView.swift */ = {isa = PBXFileReference; fileEncoding = 4; lastKnownFileType = sourcecode.swift; path = PlayerView.swift; sourceTree = "<group>"; };
		A96B483728EA964500CEF821 /* ActionButton.swift */ = {isa = PBXFileReference; fileEncoding = 4; lastKnownFileType = sourcecode.swift; path = ActionButton.swift; sourceTree = "<group>"; };
		A96B483B28EA964500CEF821 /* AlbumTitleView.swift */ = {isa = PBXFileReference; fileEncoding = 4; lastKnownFileType = sourcecode.swift; path = AlbumTitleView.swift; sourceTree = "<group>"; };
		A96B483D28EA964500CEF821 /* SwitchView.swift */ = {isa = PBXFileReference; fileEncoding = 4; lastKnownFileType = sourcecode.swift; path = SwitchView.swift; sourceTree = "<group>"; };
		A96B484028EA964500CEF821 /* AssetSectionAppearance.swift */ = {isa = PBXFileReference; fileEncoding = 4; lastKnownFileType = sourcecode.swift; path = AssetSectionAppearance.swift; sourceTree = "<group>"; };
		A96B484128EA964500CEF821 /* MediaAppearance.swift */ = {isa = PBXFileReference; fileEncoding = 4; lastKnownFileType = sourcecode.swift; path = MediaAppearance.swift; sourceTree = "<group>"; };
		A96B484228EA964500CEF821 /* AlbumCellAppearance.swift */ = {isa = PBXFileReference; fileEncoding = 4; lastKnownFileType = sourcecode.swift; path = AlbumCellAppearance.swift; sourceTree = "<group>"; };
		A96B484328EA964500CEF821 /* ActionButtonAppearance.swift */ = {isa = PBXFileReference; fileEncoding = 4; lastKnownFileType = sourcecode.swift; path = ActionButtonAppearance.swift; sourceTree = "<group>"; };
		A96B484428EA964500CEF821 /* CollectionViewAppearance.swift */ = {isa = PBXFileReference; fileEncoding = 4; lastKnownFileType = sourcecode.swift; path = CollectionViewAppearance.swift; sourceTree = "<group>"; };
		A96B484528EA964500CEF821 /* NavigationAppearance.swift */ = {isa = PBXFileReference; fileEncoding = 4; lastKnownFileType = sourcecode.swift; path = NavigationAppearance.swift; sourceTree = "<group>"; };
		A96B484628EA964500CEF821 /* AccessManagerAppearance.swift */ = {isa = PBXFileReference; fileEncoding = 4; lastKnownFileType = sourcecode.swift; path = AccessManagerAppearance.swift; sourceTree = "<group>"; };
		A96B484728EA964500CEF821 /* ActionSheetAppearance.swift */ = {isa = PBXFileReference; fileEncoding = 4; lastKnownFileType = sourcecode.swift; path = ActionSheetAppearance.swift; sourceTree = "<group>"; };
		A96B484828EA964500CEF821 /* AssetCellAppearance.swift */ = {isa = PBXFileReference; fileEncoding = 4; lastKnownFileType = sourcecode.swift; path = AssetCellAppearance.swift; sourceTree = "<group>"; };
		A96B484928EA964500CEF821 /* AlbumSectionAppearance.swift */ = {isa = PBXFileReference; fileEncoding = 4; lastKnownFileType = sourcecode.swift; path = AlbumSectionAppearance.swift; sourceTree = "<group>"; };
		A96B484B28EA964500CEF821 /* ATRButton.swift */ = {isa = PBXFileReference; fileEncoding = 4; lastKnownFileType = sourcecode.swift; path = ATRButton.swift; sourceTree = "<group>"; };
		A96B484D28EA964500CEF821 /* AccessManagerView.swift */ = {isa = PBXFileReference; fileEncoding = 4; lastKnownFileType = sourcecode.swift; path = AccessManagerView.swift; sourceTree = "<group>"; };
		A96B484F28EA964500CEF821 /* DropdownButton.swift */ = {isa = PBXFileReference; fileEncoding = 4; lastKnownFileType = sourcecode.swift; path = DropdownButton.swift; sourceTree = "<group>"; };
		A96B485228EA964500CEF821 /* ActionSheetViewController.swift */ = {isa = PBXFileReference; fileEncoding = 4; lastKnownFileType = sourcecode.swift; path = ActionSheetViewController.swift; sourceTree = "<group>"; };
		A96B485428EA964500CEF821 /* MediaItemPreviewPresenter.swift */ = {isa = PBXFileReference; fileEncoding = 4; lastKnownFileType = sourcecode.swift; path = MediaItemPreviewPresenter.swift; sourceTree = "<group>"; };
		A96B485528EA964500CEF821 /* MediaItemPreviewViewController.swift */ = {isa = PBXFileReference; fileEncoding = 4; lastKnownFileType = sourcecode.swift; path = MediaItemPreviewViewController.swift; sourceTree = "<group>"; };
		A96B485628EA964500CEF821 /* MediaItemPreviewModule.swift */ = {isa = PBXFileReference; fileEncoding = 4; lastKnownFileType = sourcecode.swift; path = MediaItemPreviewModule.swift; sourceTree = "<group>"; };
		A96B485828EA964500CEF821 /* GalleryModule.swift */ = {isa = PBXFileReference; fileEncoding = 4; lastKnownFileType = sourcecode.swift; path = GalleryModule.swift; sourceTree = "<group>"; };
		A96B485B28EA964500CEF821 /* CollectionCell.swift */ = {isa = PBXFileReference; fileEncoding = 4; lastKnownFileType = sourcecode.swift; path = CollectionCell.swift; sourceTree = "<group>"; };
		A96B485C28EA964500CEF821 /* CollectionCellItem.swift */ = {isa = PBXFileReference; fileEncoding = 4; lastKnownFileType = sourcecode.swift; path = CollectionCellItem.swift; sourceTree = "<group>"; };
		A96B485D28EA964500CEF821 /* CollectionCellModel.swift */ = {isa = PBXFileReference; fileEncoding = 4; lastKnownFileType = sourcecode.swift; path = CollectionCellModel.swift; sourceTree = "<group>"; };
		A96B485F28EA964500CEF821 /* MediaItemCell.swift */ = {isa = PBXFileReference; fileEncoding = 4; lastKnownFileType = sourcecode.swift; path = MediaItemCell.swift; sourceTree = "<group>"; };
		A96B486028EA964500CEF821 /* SelectionView.swift */ = {isa = PBXFileReference; fileEncoding = 4; lastKnownFileType = sourcecode.swift; path = SelectionView.swift; sourceTree = "<group>"; };
		A96B486228EA964500CEF821 /* EmptyItemCellModel.swift */ = {isa = PBXFileReference; fileEncoding = 4; lastKnownFileType = sourcecode.swift; path = EmptyItemCellModel.swift; sourceTree = "<group>"; };
		A96B486328EA964500CEF821 /* VideoItemCellModel.swift */ = {isa = PBXFileReference; fileEncoding = 4; lastKnownFileType = sourcecode.swift; path = VideoItemCellModel.swift; sourceTree = "<group>"; };
		A96B486428EA964500CEF821 /* PhotoItemCellModel.swift */ = {isa = PBXFileReference; fileEncoding = 4; lastKnownFileType = sourcecode.swift; path = PhotoItemCellModel.swift; sourceTree = "<group>"; };
		A96B486628EA964500CEF821 /* VideoMediaItemCell.swift */ = {isa = PBXFileReference; fileEncoding = 4; lastKnownFileType = sourcecode.swift; path = VideoMediaItemCell.swift; sourceTree = "<group>"; };
		A96B486828EA964500CEF821 /* PlaceholderCellItem.swift */ = {isa = PBXFileReference; fileEncoding = 4; lastKnownFileType = sourcecode.swift; path = PlaceholderCellItem.swift; sourceTree = "<group>"; };
		A96B486A28EA964500CEF821 /* PhotoMediaItemCell.swift */ = {isa = PBXFileReference; fileEncoding = 4; lastKnownFileType = sourcecode.swift; path = PhotoMediaItemCell.swift; sourceTree = "<group>"; };
		A96B486B28EA964500CEF821 /* GalleryViewController.swift */ = {isa = PBXFileReference; fileEncoding = 4; lastKnownFileType = sourcecode.swift; path = GalleryViewController.swift; sourceTree = "<group>"; };
		A96B486C28EA964500CEF821 /* GalleryPresenter.swift */ = {isa = PBXFileReference; fileEncoding = 4; lastKnownFileType = sourcecode.swift; path = GalleryPresenter.swift; sourceTree = "<group>"; };
		A96B486D28EA964500CEF821 /* GallerySectionsFactory.swift */ = {isa = PBXFileReference; fileEncoding = 4; lastKnownFileType = sourcecode.swift; path = GallerySectionsFactory.swift; sourceTree = "<group>"; };
		A96B486F28EA964500CEF821 /* MainServiceFactory.swift */ = {isa = PBXFileReference; fileEncoding = 4; lastKnownFileType = sourcecode.swift; path = MainServiceFactory.swift; sourceTree = "<group>"; };
		A96B487128EA964500CEF821 /* Strings.swift */ = {isa = PBXFileReference; fileEncoding = 4; lastKnownFileType = sourcecode.swift; path = Strings.swift; sourceTree = "<group>"; };
		A96B487228EA964500CEF821 /* Assets.swift */ = {isa = PBXFileReference; fileEncoding = 4; lastKnownFileType = sourcecode.swift; path = Assets.swift; sourceTree = "<group>"; };
		A96B487328EA964500CEF821 /* TextStyles.swift */ = {isa = PBXFileReference; fileEncoding = 4; lastKnownFileType = sourcecode.swift; path = TextStyles.swift; sourceTree = "<group>"; };
		A96B487528EA964500CEF821 /* en */ = {isa = PBXFileReference; lastKnownFileType = text.plist.strings; name = en; path = en.lproj/Localizable.strings; sourceTree = "<group>"; };
		A96B487628EA964500CEF821 /* UIColor.swift */ = {isa = PBXFileReference; fileEncoding = 4; lastKnownFileType = sourcecode.swift; path = UIColor.swift; sourceTree = "<group>"; };
		A96B487728EA964500CEF821 /* Assets.xcassets */ = {isa = PBXFileReference; lastKnownFileType = folder.assetcatalog; path = Assets.xcassets; sourceTree = "<group>"; };
		A96B487828EA964500CEF821 /* Info.plist */ = {isa = PBXFileReference; fileEncoding = 4; lastKnownFileType = text.plist.xml; path = Info.plist; sourceTree = "<group>"; };
/* End PBXFileReference section */

/* Begin PBXFrameworksBuildPhase section */
		1373AFF922DC235400F28EF0 /* Frameworks */ = {
			isa = PBXFrameworksBuildPhase;
			buildActionMask = 2147483647;
			files = (
				A943733328EA9FB8000282FC /* RCam.xcframework in Frameworks */,
				A943732F28EA9FB8000282FC /* Ion.xcframework in Frameworks */,
				A943733128EA9FB8000282FC /* MediaService.xcframework in Frameworks */,
				A943733528EA9FB8000282FC /* Texstyle.xcframework in Frameworks */,
				A943732B28EA9FB8000282FC /* DeepDiff.xcframework in Frameworks */,
				A943732D28EA9FB8000282FC /* Framezilla.xcframework in Frameworks */,
				A943732928EA9FB8000282FC /* CollectionViewTools.xcframework in Frameworks */,
			);
			runOnlyForDeploymentPostprocessing = 0;
		};
/* End PBXFrameworksBuildPhase section */

/* Begin PBXGroup section */
		1373AFF222DC235400F28EF0 = {
			isa = PBXGroup;
			children = (
				A96B482028EA964500CEF821 /* Media */,
				1373AFFD22DC235400F28EF0 /* Products */,
				1373B0AC22DC246000F28EF0 /* Frameworks */,
			);
			sourceTree = "<group>";
		};
		1373AFFD22DC235400F28EF0 /* Products */ = {
			isa = PBXGroup;
			children = (
				1373AFFC22DC235400F28EF0 /* Media.framework */,
			);
			name = Products;
			sourceTree = "<group>";
		};
		1373B0AC22DC246000F28EF0 /* Frameworks */ = {
			isa = PBXGroup;
			children = (
				A943732228EA9FB8000282FC /* CollectionViewTools.xcframework */,
				A943732328EA9FB8000282FC /* DeepDiff.xcframework */,
				A943732428EA9FB8000282FC /* Framezilla.xcframework */,
				A943732528EA9FB8000282FC /* Ion.xcframework */,
				A943732628EA9FB8000282FC /* MediaService.xcframework */,
				A943732728EA9FB8000282FC /* RCam.xcframework */,
				A943732828EA9FB8000282FC /* Texstyle.xcframework */,
			);
			name = Frameworks;
			sourceTree = "<group>";
		};
		A90248BA28FD4CDC0038A4FC /* PlaceholderView */ = {
			isa = PBXGroup;
			children = (
				A90248BB28FD4CDC0038A4FC /* PlaceholderView.swift */,
			);
			path = PlaceholderView;
			sourceTree = "<group>";
		};
		A96B482028EA964500CEF821 /* Media */ = {
			isa = PBXGroup;
			children = (
				A96B482128EA964500CEF821 /* Media.h */,
				A96B482228EA964500CEF821 /* Classes */,
				A96B487028EA964500CEF821 /* Resources */,
				A96B487828EA964500CEF821 /* Info.plist */,
			);
			name = Media;
			path = Sources/Media;
			sourceTree = "<group>";
		};
		A96B482228EA964500CEF821 /* Classes */ = {
			isa = PBXGroup;
			children = (
				A96B482328EA964500CEF821 /* Coordinators */,
				A96B482528EA964500CEF821 /* Extensions */,
				A96B483328EA964500CEF821 /* Components */,
				A96B485028EA964500CEF821 /* Modules */,
				A96B486E28EA964500CEF821 /* Services */,
			);
			path = Classes;
			sourceTree = "<group>";
		};
		A96B482328EA964500CEF821 /* Coordinators */ = {
			isa = PBXGroup;
			children = (
				A96B482428EA964500CEF821 /* MediaCoordinator.swift */,
			);
			path = Coordinators;
			sourceTree = "<group>";
		};
		A96B482528EA964500CEF821 /* Extensions */ = {
			isa = PBXGroup;
			children = (
				A96B482628EA964500CEF821 /* MediaItemsFilter+title.swift */,
				A96B482728EA964500CEF821 /* CGRect+Convenience.swift */,
				A96B482828EA964500CEF821 /* UIViewController+Child.swift */,
				A96B482928EA964500CEF821 /* CATransaction+Block.swift */,
				A96B482A28EA964500CEF821 /* UIColor+Sugar.swift */,
				A96B482B28EA964500CEF821 /* AVPlayerLayer+ReadyHandler.swift */,
				A96B482C28EA964500CEF821 /* UIColor+Tools.swift */,
				A96B482D28EA964500CEF821 /* AVAsset+PresentationSize.swift */,
				A96B482E28EA964500CEF821 /* UIImage+Orientation.swift */,
				A96B482F28EA964500CEF821 /* AVAssetTrack+Size.swift */,
				A96B483028EA964500CEF821 /* UIEdgeInsets+Sum.swift */,
				A96B483128EA964500CEF821 /* PHAsset+DiffCompatible.swift */,
				A96B483228EA964500CEF821 /* AVPlayer+Stop.swift */,
			);
			path = Extensions;
			sourceTree = "<group>";
		};
		A96B483328EA964500CEF821 /* Components */ = {
			isa = PBXGroup;
			children = (
				A90248BA28FD4CDC0038A4FC /* PlaceholderView */,
				A96B483428EA964500CEF821 /* PlayerView */,
				A96B483628EA964500CEF821 /* ActionButton */,
				A96B483A28EA964500CEF821 /* AlbumTitleView */,
				A96B483C28EA964500CEF821 /* SwitchView */,
				A96B483E28EA964500CEF821 /* Appearance */,
				A96B484A28EA964500CEF821 /* ATRButton */,
				A96B484C28EA964500CEF821 /* AccessManagerView */,
				A96B484E28EA964500CEF821 /* DropdownButton */,
			);
			path = Components;
			sourceTree = "<group>";
		};
		A96B483428EA964500CEF821 /* PlayerView */ = {
			isa = PBXGroup;
			children = (
				A96B483528EA964500CEF821 /* PlayerView.swift */,
			);
			path = PlayerView;
			sourceTree = "<group>";
		};
		A96B483628EA964500CEF821 /* ActionButton */ = {
			isa = PBXGroup;
			children = (
				A96B483728EA964500CEF821 /* ActionButton.swift */,
			);
			path = ActionButton;
			sourceTree = "<group>";
		};
		A96B483A28EA964500CEF821 /* AlbumTitleView */ = {
			isa = PBXGroup;
			children = (
				A96B483B28EA964500CEF821 /* AlbumTitleView.swift */,
			);
			path = AlbumTitleView;
			sourceTree = "<group>";
		};
		A96B483C28EA964500CEF821 /* SwitchView */ = {
			isa = PBXGroup;
			children = (
				A96B483D28EA964500CEF821 /* SwitchView.swift */,
			);
			path = SwitchView;
			sourceTree = "<group>";
		};
		A96B483E28EA964500CEF821 /* Appearance */ = {
			isa = PBXGroup;
			children = (
				A96B484028EA964500CEF821 /* AssetSectionAppearance.swift */,
				A96B484128EA964500CEF821 /* MediaAppearance.swift */,
				A90248BD28FD4D720038A4FC /* PlaceholderAppearance.swift */,
				A96B484228EA964500CEF821 /* AlbumCellAppearance.swift */,
				A96B484328EA964500CEF821 /* ActionButtonAppearance.swift */,
				A96B484428EA964500CEF821 /* CollectionViewAppearance.swift */,
				A96B484528EA964500CEF821 /* NavigationAppearance.swift */,
				A96B484628EA964500CEF821 /* AccessManagerAppearance.swift */,
				A96B484728EA964500CEF821 /* ActionSheetAppearance.swift */,
				A96B484828EA964500CEF821 /* AssetCellAppearance.swift */,
				A96B484928EA964500CEF821 /* AlbumSectionAppearance.swift */,
			);
			path = Appearance;
			sourceTree = "<group>";
		};
		A96B484A28EA964500CEF821 /* ATRButton */ = {
			isa = PBXGroup;
			children = (
				A96B484B28EA964500CEF821 /* ATRButton.swift */,
			);
			path = ATRButton;
			sourceTree = "<group>";
		};
		A96B484C28EA964500CEF821 /* AccessManagerView */ = {
			isa = PBXGroup;
			children = (
				A96B484D28EA964500CEF821 /* AccessManagerView.swift */,
			);
			path = AccessManagerView;
			sourceTree = "<group>";
		};
		A96B484E28EA964500CEF821 /* DropdownButton */ = {
			isa = PBXGroup;
			children = (
				A96B484F28EA964500CEF821 /* DropdownButton.swift */,
			);
			path = DropdownButton;
			sourceTree = "<group>";
		};
		A96B485028EA964500CEF821 /* Modules */ = {
			isa = PBXGroup;
			children = (
				A96B485128EA964500CEF821 /* ActionSheet */,
				A96B485328EA964500CEF821 /* MediaItemPreview */,
				A96B485728EA964500CEF821 /* Gallery */,
			);
			path = Modules;
			sourceTree = "<group>";
		};
		A96B485128EA964500CEF821 /* ActionSheet */ = {
			isa = PBXGroup;
			children = (
				A96B485228EA964500CEF821 /* ActionSheetViewController.swift */,
			);
			path = ActionSheet;
			sourceTree = "<group>";
		};
		A96B485328EA964500CEF821 /* MediaItemPreview */ = {
			isa = PBXGroup;
			children = (
				A96B485428EA964500CEF821 /* MediaItemPreviewPresenter.swift */,
				A96B485528EA964500CEF821 /* MediaItemPreviewViewController.swift */,
				A96B485628EA964500CEF821 /* MediaItemPreviewModule.swift */,
			);
			path = MediaItemPreview;
			sourceTree = "<group>";
		};
		A96B485728EA964500CEF821 /* Gallery */ = {
			isa = PBXGroup;
			children = (
				A96B485828EA964500CEF821 /* GalleryModule.swift */,
				A96B485928EA964500CEF821 /* Submodules */,
				A96B486B28EA964500CEF821 /* GalleryViewController.swift */,
				A96B486C28EA964500CEF821 /* GalleryPresenter.swift */,
				A96B486D28EA964500CEF821 /* GallerySectionsFactory.swift */,
			);
			path = Gallery;
			sourceTree = "<group>";
		};
		A96B485928EA964500CEF821 /* Submodules */ = {
			isa = PBXGroup;
			children = (
				A96B485A28EA964500CEF821 /* CollectionCell */,
				A96B485E28EA964500CEF821 /* MediaItemCell */,
				A96B486528EA964500CEF821 /* VideoMediaItemCell */,
				A96B486728EA964500CEF821 /* PlaceholderCell */,
				A96B486928EA964500CEF821 /* PhotoMediaItemCell */,
			);
			path = Submodules;
			sourceTree = "<group>";
		};
		A96B485A28EA964500CEF821 /* CollectionCell */ = {
			isa = PBXGroup;
			children = (
				A96B485B28EA964500CEF821 /* CollectionCell.swift */,
				A96B485C28EA964500CEF821 /* CollectionCellItem.swift */,
				A96B485D28EA964500CEF821 /* CollectionCellModel.swift */,
			);
			path = CollectionCell;
			sourceTree = "<group>";
		};
		A96B485E28EA964500CEF821 /* MediaItemCell */ = {
			isa = PBXGroup;
			children = (
				A96B485F28EA964500CEF821 /* MediaItemCell.swift */,
				A96B486028EA964500CEF821 /* SelectionView.swift */,
				A96B486128EA964500CEF821 /* ItemCellModel */,
			);
			path = MediaItemCell;
			sourceTree = "<group>";
		};
		A96B486128EA964500CEF821 /* ItemCellModel */ = {
			isa = PBXGroup;
			children = (
				A96B486228EA964500CEF821 /* EmptyItemCellModel.swift */,
				A96B486328EA964500CEF821 /* VideoItemCellModel.swift */,
				A96B486428EA964500CEF821 /* PhotoItemCellModel.swift */,
			);
			path = ItemCellModel;
			sourceTree = "<group>";
		};
		A96B486528EA964500CEF821 /* VideoMediaItemCell */ = {
			isa = PBXGroup;
			children = (
				A96B486628EA964500CEF821 /* VideoMediaItemCell.swift */,
			);
			path = VideoMediaItemCell;
			sourceTree = "<group>";
		};
		A96B486728EA964500CEF821 /* PlaceholderCell */ = {
			isa = PBXGroup;
			children = (
				A90248BF28FD52460038A4FC /* PlaceholderCell.swift */,
				A96B486828EA964500CEF821 /* PlaceholderCellItem.swift */,
			);
			path = PlaceholderCell;
			sourceTree = "<group>";
		};
		A96B486928EA964500CEF821 /* PhotoMediaItemCell */ = {
			isa = PBXGroup;
			children = (
				A96B486A28EA964500CEF821 /* PhotoMediaItemCell.swift */,
			);
			path = PhotoMediaItemCell;
			sourceTree = "<group>";
		};
		A96B486E28EA964500CEF821 /* Services */ = {
			isa = PBXGroup;
			children = (
				A96B486F28EA964500CEF821 /* MainServiceFactory.swift */,
			);
			path = Services;
			sourceTree = "<group>";
		};
		A96B487028EA964500CEF821 /* Resources */ = {
			isa = PBXGroup;
			children = (
				A96B487128EA964500CEF821 /* Strings.swift */,
				A96B487228EA964500CEF821 /* Assets.swift */,
				A96B487328EA964500CEF821 /* TextStyles.swift */,
				A96B487428EA964500CEF821 /* Localizable.strings */,
				A96B487628EA964500CEF821 /* UIColor.swift */,
				A96B487728EA964500CEF821 /* Assets.xcassets */,
			);
			path = Resources;
			sourceTree = "<group>";
		};
/* End PBXGroup section */

/* Begin PBXHeadersBuildPhase section */
		1373AFF722DC235400F28EF0 /* Headers */ = {
			isa = PBXHeadersBuildPhase;
			buildActionMask = 2147483647;
			files = (
				A96B487928EA964500CEF821 /* Media.h in Headers */,
			);
			runOnlyForDeploymentPostprocessing = 0;
		};
/* End PBXHeadersBuildPhase section */

/* Begin PBXNativeTarget section */
		1373AFFB22DC235400F28EF0 /* Media */ = {
			isa = PBXNativeTarget;
			buildConfigurationList = 1373B00422DC235400F28EF0 /* Build configuration list for PBXNativeTarget "Media" */;
			buildPhases = (
				1373AFF722DC235400F28EF0 /* Headers */,
				1373AFF822DC235400F28EF0 /* Sources */,
				1373AFF922DC235400F28EF0 /* Frameworks */,
				1373AFFA22DC235400F28EF0 /* Resources */,
				0642778A2421D9CC0036D878 /* Swiftlint */,
			);
			buildRules = (
			);
			dependencies = (
			);
			name = Media;
			productName = Media;
			productReference = 1373AFFC22DC235400F28EF0 /* Media.framework */;
			productType = "com.apple.product-type.framework";
		};
/* End PBXNativeTarget section */

/* Begin PBXProject section */
		1373AFF322DC235400F28EF0 /* Project object */ = {
			isa = PBXProject;
			attributes = {
				LastUpgradeCheck = 1020;
				ORGANIZATIONNAME = Rosberry;
				TargetAttributes = {
					1373AFFB22DC235400F28EF0 = {
						CreatedOnToolsVersion = 10.2.1;
					};
				};
			};
			buildConfigurationList = 1373AFF622DC235400F28EF0 /* Build configuration list for PBXProject "Media" */;
			compatibilityVersion = "Xcode 9.3";
			developmentRegion = en;
			hasScannedForEncodings = 0;
			knownRegions = (
				en,
				Base,
			);
			mainGroup = 1373AFF222DC235400F28EF0;
			productRefGroup = 1373AFFD22DC235400F28EF0 /* Products */;
			projectDirPath = "";
			projectRoot = "";
			targets = (
				1373AFFB22DC235400F28EF0 /* Media */,
			);
		};
/* End PBXProject section */

/* Begin PBXResourcesBuildPhase section */
		1373AFFA22DC235400F28EF0 /* Resources */ = {
			isa = PBXResourcesBuildPhase;
			buildActionMask = 2147483647;
			files = (
				A96B48B428EA964600CEF821 /* Assets.xcassets in Resources */,
				A96B48B228EA964600CEF821 /* Localizable.strings in Resources */,
			);
			runOnlyForDeploymentPostprocessing = 0;
		};
/* End PBXResourcesBuildPhase section */

/* Begin PBXShellScriptBuildPhase section */
		0642778A2421D9CC0036D878 /* Swiftlint */ = {
			isa = PBXShellScriptBuildPhase;
			buildActionMask = 2147483647;
			files = (
			);
			inputFileListPaths = (
			);
			inputPaths = (
			);
			name = Swiftlint;
			outputFileListPaths = (
			);
			outputPaths = (
			);
			runOnlyForDeploymentPostprocessing = 0;
			shellPath = /bin/sh;
			shellScript = "if which swiftlint >/dev/null; then\n  swiftlint\nelse\n  echo \"warning: SwiftLint not installed, download from https://github.com/realm/SwiftLint\"\nfi\n";
			showEnvVarsInLog = 0;
		};
/* End PBXShellScriptBuildPhase section */

/* Begin PBXSourcesBuildPhase section */
		1373AFF822DC235400F28EF0 /* Sources */ = {
			isa = PBXSourcesBuildPhase;
			buildActionMask = 2147483647;
			files = (
				A96B489C28EA964500CEF821 /* MediaItemPreviewPresenter.swift in Sources */,
				A96B48A228EA964500CEF821 /* CollectionCellModel.swift in Sources */,
				A96B48A428EA964500CEF821 /* SelectionView.swift in Sources */,
				A96B488028EA964500CEF821 /* AVPlayerLayer+ReadyHandler.swift in Sources */,
				A96B48A028EA964500CEF821 /* CollectionCell.swift in Sources */,
				A90248C028FD52460038A4FC /* PlaceholderCell.swift in Sources */,
				A96B489128EA964500CEF821 /* ActionButtonAppearance.swift in Sources */,
				A96B488428EA964500CEF821 /* AVAssetTrack+Size.swift in Sources */,
				A96B489628EA964500CEF821 /* AssetCellAppearance.swift in Sources */,
				A96B489328EA964500CEF821 /* NavigationAppearance.swift in Sources */,
				A96B489028EA964500CEF821 /* AlbumCellAppearance.swift in Sources */,
				A96B48AF28EA964500CEF821 /* Strings.swift in Sources */,
				A96B488C28EA964500CEF821 /* SwitchView.swift in Sources */,
				A96B489428EA964500CEF821 /* AccessManagerAppearance.swift in Sources */,
				A96B489228EA964500CEF821 /* CollectionViewAppearance.swift in Sources */,
				A90248BE28FD4D720038A4FC /* PlaceholderAppearance.swift in Sources */,
				A96B488528EA964500CEF821 /* UIEdgeInsets+Sum.swift in Sources */,
				A96B488828EA964500CEF821 /* PlayerView.swift in Sources */,
				A96B487B28EA964500CEF821 /* MediaItemsFilter+title.swift in Sources */,
				A96B489828EA964500CEF821 /* ATRButton.swift in Sources */,
				A96B48A328EA964500CEF821 /* MediaItemCell.swift in Sources */,
				A96B489A28EA964500CEF821 /* DropdownButton.swift in Sources */,
				A96B488328EA964500CEF821 /* UIImage+Orientation.swift in Sources */,
				A96B488F28EA964500CEF821 /* MediaAppearance.swift in Sources */,
				A96B48B028EA964500CEF821 /* Assets.swift in Sources */,
				A96B487A28EA964500CEF821 /* MediaCoordinator.swift in Sources */,
				A96B488928EA964500CEF821 /* ActionButton.swift in Sources */,
				A96B489728EA964500CEF821 /* AlbumSectionAppearance.swift in Sources */,
				A96B48A728EA964500CEF821 /* PhotoItemCellModel.swift in Sources */,
				A96B48A128EA964500CEF821 /* CollectionCellItem.swift in Sources */,
				A96B488228EA964500CEF821 /* AVAsset+PresentationSize.swift in Sources */,
				A96B489528EA964500CEF821 /* ActionSheetAppearance.swift in Sources */,
				A96B48AE28EA964500CEF821 /* MainServiceFactory.swift in Sources */,
				A96B488628EA964500CEF821 /* PHAsset+DiffCompatible.swift in Sources */,
				A96B487F28EA964500CEF821 /* UIColor+Sugar.swift in Sources */,
				A96B48A528EA964500CEF821 /* EmptyItemCellModel.swift in Sources */,
				A96B48AA28EA964500CEF821 /* PhotoMediaItemCell.swift in Sources */,
				A96B488B28EA964500CEF821 /* AlbumTitleView.swift in Sources */,
				A96B489F28EA964500CEF821 /* GalleryModule.swift in Sources */,
				A96B48AD28EA964500CEF821 /* GallerySectionsFactory.swift in Sources */,
				A96B487C28EA964500CEF821 /* CGRect+Convenience.swift in Sources */,
				A96B48A828EA964500CEF821 /* VideoMediaItemCell.swift in Sources */,
				A96B48AB28EA964500CEF821 /* GalleryViewController.swift in Sources */,
				A96B489B28EA964500CEF821 /* ActionSheetViewController.swift in Sources */,
				A96B487E28EA964500CEF821 /* CATransaction+Block.swift in Sources */,
				A96B48AC28EA964500CEF821 /* GalleryPresenter.swift in Sources */,
				A96B48A928EA964500CEF821 /* PlaceholderCellItem.swift in Sources */,
				A96B48B328EA964600CEF821 /* UIColor.swift in Sources */,
				A96B489928EA964500CEF821 /* AccessManagerView.swift in Sources */,
				A96B488728EA964500CEF821 /* AVPlayer+Stop.swift in Sources */,
				A96B489D28EA964500CEF821 /* MediaItemPreviewViewController.swift in Sources */,
				A96B489E28EA964500CEF821 /* MediaItemPreviewModule.swift in Sources */,
				A96B487D28EA964500CEF821 /* UIViewController+Child.swift in Sources */,
				A96B48B128EA964600CEF821 /* TextStyles.swift in Sources */,
				A96B488E28EA964500CEF821 /* AssetSectionAppearance.swift in Sources */,
				A96B48A628EA964500CEF821 /* VideoItemCellModel.swift in Sources */,
				A90248BC28FD4CDC0038A4FC /* PlaceholderView.swift in Sources */,
				A96B488128EA964500CEF821 /* UIColor+Tools.swift in Sources */,
			);
			runOnlyForDeploymentPostprocessing = 0;
		};
/* End PBXSourcesBuildPhase section */

/* Begin PBXVariantGroup section */
		A96B487428EA964500CEF821 /* Localizable.strings */ = {
			isa = PBXVariantGroup;
			children = (
				A96B487528EA964500CEF821 /* en */,
			);
			name = Localizable.strings;
			sourceTree = "<group>";
		};
/* End PBXVariantGroup section */

/* Begin XCBuildConfiguration section */
		1373B00222DC235400F28EF0 /* Debug */ = {
			isa = XCBuildConfiguration;
			buildSettings = {
				ALWAYS_SEARCH_USER_PATHS = NO;
				CLANG_ANALYZER_NONNULL = YES;
				CLANG_ANALYZER_NUMBER_OBJECT_CONVERSION = YES_AGGRESSIVE;
				CLANG_CXX_LANGUAGE_STANDARD = "gnu++14";
				CLANG_CXX_LIBRARY = "libc++";
				CLANG_ENABLE_MODULES = YES;
				CLANG_ENABLE_OBJC_ARC = YES;
				CLANG_ENABLE_OBJC_WEAK = YES;
				CLANG_WARN_BLOCK_CAPTURE_AUTORELEASING = YES;
				CLANG_WARN_BOOL_CONVERSION = YES;
				CLANG_WARN_COMMA = YES;
				CLANG_WARN_CONSTANT_CONVERSION = YES;
				CLANG_WARN_DEPRECATED_OBJC_IMPLEMENTATIONS = YES;
				CLANG_WARN_DIRECT_OBJC_ISA_USAGE = YES_ERROR;
				CLANG_WARN_DOCUMENTATION_COMMENTS = YES;
				CLANG_WARN_EMPTY_BODY = YES;
				CLANG_WARN_ENUM_CONVERSION = YES;
				CLANG_WARN_INFINITE_RECURSION = YES;
				CLANG_WARN_INT_CONVERSION = YES;
				CLANG_WARN_NON_LITERAL_NULL_CONVERSION = YES;
				CLANG_WARN_OBJC_IMPLICIT_RETAIN_SELF = YES;
				CLANG_WARN_OBJC_LITERAL_CONVERSION = YES;
				CLANG_WARN_OBJC_ROOT_CLASS = YES_ERROR;
				CLANG_WARN_RANGE_LOOP_ANALYSIS = YES;
				CLANG_WARN_STRICT_PROTOTYPES = YES;
				CLANG_WARN_SUSPICIOUS_MOVE = YES;
				CLANG_WARN_UNGUARDED_AVAILABILITY = YES_AGGRESSIVE;
				CLANG_WARN_UNREACHABLE_CODE = YES;
				CLANG_WARN__DUPLICATE_METHOD_MATCH = YES;
				CODE_SIGN_IDENTITY = "iPhone Developer";
				COPY_PHASE_STRIP = NO;
				CURRENT_PROJECT_VERSION = 1;
				DEBUG_INFORMATION_FORMAT = dwarf;
				ENABLE_STRICT_OBJC_MSGSEND = YES;
				ENABLE_TESTABILITY = YES;
				GCC_C_LANGUAGE_STANDARD = gnu11;
				GCC_DYNAMIC_NO_PIC = NO;
				GCC_NO_COMMON_BLOCKS = YES;
				GCC_OPTIMIZATION_LEVEL = 0;
				GCC_PREPROCESSOR_DEFINITIONS = (
					"DEBUG=1",
					"$(inherited)",
				);
				GCC_WARN_64_TO_32_BIT_CONVERSION = YES;
				GCC_WARN_ABOUT_RETURN_TYPE = YES_ERROR;
				GCC_WARN_UNDECLARED_SELECTOR = YES;
				GCC_WARN_UNINITIALIZED_AUTOS = YES_AGGRESSIVE;
				GCC_WARN_UNUSED_FUNCTION = YES;
				GCC_WARN_UNUSED_VARIABLE = YES;
				IPHONEOS_DEPLOYMENT_TARGET = 12.2;
				MTL_ENABLE_DEBUG_INFO = INCLUDE_SOURCE;
				MTL_FAST_MATH = YES;
				ONLY_ACTIVE_ARCH = YES;
				SDKROOT = iphoneos;
				SWIFT_ACTIVE_COMPILATION_CONDITIONS = DEBUG;
				SWIFT_OPTIMIZATION_LEVEL = "-Onone";
				VERSIONING_SYSTEM = "apple-generic";
				VERSION_INFO_PREFIX = "";
			};
			name = Debug;
		};
		1373B00322DC235400F28EF0 /* Release */ = {
			isa = XCBuildConfiguration;
			buildSettings = {
				ALWAYS_SEARCH_USER_PATHS = NO;
				CLANG_ANALYZER_NONNULL = YES;
				CLANG_ANALYZER_NUMBER_OBJECT_CONVERSION = YES_AGGRESSIVE;
				CLANG_CXX_LANGUAGE_STANDARD = "gnu++14";
				CLANG_CXX_LIBRARY = "libc++";
				CLANG_ENABLE_MODULES = YES;
				CLANG_ENABLE_OBJC_ARC = YES;
				CLANG_ENABLE_OBJC_WEAK = YES;
				CLANG_WARN_BLOCK_CAPTURE_AUTORELEASING = YES;
				CLANG_WARN_BOOL_CONVERSION = YES;
				CLANG_WARN_COMMA = YES;
				CLANG_WARN_CONSTANT_CONVERSION = YES;
				CLANG_WARN_DEPRECATED_OBJC_IMPLEMENTATIONS = YES;
				CLANG_WARN_DIRECT_OBJC_ISA_USAGE = YES_ERROR;
				CLANG_WARN_DOCUMENTATION_COMMENTS = YES;
				CLANG_WARN_EMPTY_BODY = YES;
				CLANG_WARN_ENUM_CONVERSION = YES;
				CLANG_WARN_INFINITE_RECURSION = YES;
				CLANG_WARN_INT_CONVERSION = YES;
				CLANG_WARN_NON_LITERAL_NULL_CONVERSION = YES;
				CLANG_WARN_OBJC_IMPLICIT_RETAIN_SELF = YES;
				CLANG_WARN_OBJC_LITERAL_CONVERSION = YES;
				CLANG_WARN_OBJC_ROOT_CLASS = YES_ERROR;
				CLANG_WARN_RANGE_LOOP_ANALYSIS = YES;
				CLANG_WARN_STRICT_PROTOTYPES = YES;
				CLANG_WARN_SUSPICIOUS_MOVE = YES;
				CLANG_WARN_UNGUARDED_AVAILABILITY = YES_AGGRESSIVE;
				CLANG_WARN_UNREACHABLE_CODE = YES;
				CLANG_WARN__DUPLICATE_METHOD_MATCH = YES;
				CODE_SIGN_IDENTITY = "iPhone Developer";
				COPY_PHASE_STRIP = NO;
				CURRENT_PROJECT_VERSION = 1;
				DEBUG_INFORMATION_FORMAT = "dwarf-with-dsym";
				ENABLE_NS_ASSERTIONS = NO;
				ENABLE_STRICT_OBJC_MSGSEND = YES;
				GCC_C_LANGUAGE_STANDARD = gnu11;
				GCC_NO_COMMON_BLOCKS = YES;
				GCC_WARN_64_TO_32_BIT_CONVERSION = YES;
				GCC_WARN_ABOUT_RETURN_TYPE = YES_ERROR;
				GCC_WARN_UNDECLARED_SELECTOR = YES;
				GCC_WARN_UNINITIALIZED_AUTOS = YES_AGGRESSIVE;
				GCC_WARN_UNUSED_FUNCTION = YES;
				GCC_WARN_UNUSED_VARIABLE = YES;
				IPHONEOS_DEPLOYMENT_TARGET = 12.2;
				MTL_ENABLE_DEBUG_INFO = NO;
				MTL_FAST_MATH = YES;
				SDKROOT = iphoneos;
				SWIFT_COMPILATION_MODE = wholemodule;
				SWIFT_OPTIMIZATION_LEVEL = "-O";
				VALIDATE_PRODUCT = YES;
				VERSIONING_SYSTEM = "apple-generic";
				VERSION_INFO_PREFIX = "";
			};
			name = Release;
		};
		1373B00522DC235400F28EF0 /* Debug */ = {
			isa = XCBuildConfiguration;
			buildSettings = {
				CODE_SIGN_IDENTITY = "";
				CODE_SIGN_STYLE = Automatic;
				DEFINES_MODULE = YES;
				DEVELOPMENT_TEAM = GPVA8JVMU3;
				DYLIB_COMPATIBILITY_VERSION = 1;
				DYLIB_CURRENT_VERSION = 1;
				DYLIB_INSTALL_NAME_BASE = "@rpath";
				FRAMEWORK_SEARCH_PATHS = (
					"$(inherited)",
					"$(PROJECT_DIR)/Carthage/Build/iOS",
				);
				INFOPLIST_FILE = "$(SRCROOT)/Sources/Media/Info.plist";
				INSTALL_PATH = "$(LOCAL_LIBRARY_DIR)/Frameworks";
				IPHONEOS_DEPLOYMENT_TARGET = 12.0;
				LD_RUNPATH_SEARCH_PATHS = (
					"$(inherited)",
					"@executable_path/Frameworks",
					"@loader_path/Frameworks",
				);
				PRODUCT_BUNDLE_IDENTIFIER = com.rosberry.Media;
				PRODUCT_NAME = "$(TARGET_NAME:c99extidentifier)";
				SKIP_INSTALL = YES;
				SUPPORTS_MACCATALYST = NO;
				SWIFT_VERSION = 5.0;
				TARGETED_DEVICE_FAMILY = "1,2";
			};
			name = Debug;
		};
		1373B00622DC235400F28EF0 /* Release */ = {
			isa = XCBuildConfiguration;
			buildSettings = {
				CODE_SIGN_IDENTITY = "";
				CODE_SIGN_STYLE = Automatic;
				DEFINES_MODULE = YES;
				DEVELOPMENT_TEAM = GPVA8JVMU3;
				DYLIB_COMPATIBILITY_VERSION = 1;
				DYLIB_CURRENT_VERSION = 1;
				DYLIB_INSTALL_NAME_BASE = "@rpath";
				FRAMEWORK_SEARCH_PATHS = (
					"$(inherited)",
					"$(PROJECT_DIR)/Carthage/Build/iOS",
				);
				INFOPLIST_FILE = "$(SRCROOT)/Sources/Media/Info.plist";
				INSTALL_PATH = "$(LOCAL_LIBRARY_DIR)/Frameworks";
				IPHONEOS_DEPLOYMENT_TARGET = 12.0;
				LD_RUNPATH_SEARCH_PATHS = (
					"$(inherited)",
					"@executable_path/Frameworks",
					"@loader_path/Frameworks",
				);
				PRODUCT_BUNDLE_IDENTIFIER = com.rosberry.Media;
				PRODUCT_NAME = "$(TARGET_NAME:c99extidentifier)";
				SKIP_INSTALL = YES;
				SUPPORTS_MACCATALYST = NO;
				SWIFT_VERSION = 5.0;
				TARGETED_DEVICE_FAMILY = "1,2";
			};
			name = Release;
		};
/* End XCBuildConfiguration section */

/* Begin XCConfigurationList section */
		1373AFF622DC235400F28EF0 /* Build configuration list for PBXProject "Media" */ = {
			isa = XCConfigurationList;
			buildConfigurations = (
				1373B00222DC235400F28EF0 /* Debug */,
				1373B00322DC235400F28EF0 /* Release */,
			);
			defaultConfigurationIsVisible = 0;
			defaultConfigurationName = Release;
		};
		1373B00422DC235400F28EF0 /* Build configuration list for PBXNativeTarget "Media" */ = {
			isa = XCConfigurationList;
			buildConfigurations = (
				1373B00522DC235400F28EF0 /* Debug */,
				1373B00622DC235400F28EF0 /* Release */,
			);
			defaultConfigurationIsVisible = 0;
			defaultConfigurationName = Release;
		};
/* End XCConfigurationList section */
	};
	rootObject = 1373AFF322DC235400F28EF0 /* Project object */;
}
