// !$*UTF8*$!
{
	archiveVersion = 1;
	classes = {
	};
	objectVersion = 50;
	objects = {

/* Begin PBXBuildFile section */
		01799F10282E098000FF2EE0 /* PlaceholderCell.swift in Sources */ = {isa = PBXBuildFile; fileRef = 01799F0F282E098000FF2EE0 /* PlaceholderCell.swift */; };
		0642778D2421E0B30036D878 /* MediaCoordinator.swift in Sources */ = {isa = PBXBuildFile; fileRef = 0642778C2421E0B30036D878 /* MediaCoordinator.swift */; };
		06A629F9242113130099B130 /* SelectionView.swift in Sources */ = {isa = PBXBuildFile; fileRef = 06A629F8242113130099B130 /* SelectionView.swift */; };
		1373B00122DC235400F28EF0 /* Media.h in Headers */ = {isa = PBXBuildFile; fileRef = 1373AFFF22DC235400F28EF0 /* Media.h */; settings = {ATTRIBUTES = (Public, ); }; };
		1373B06722DC237700F28EF0 /* Strings.swift in Sources */ = {isa = PBXBuildFile; fileRef = 1373B00822DC237600F28EF0 /* Strings.swift */; };
		1373B06822DC237700F28EF0 /* Assets.swift in Sources */ = {isa = PBXBuildFile; fileRef = 1373B00922DC237600F28EF0 /* Assets.swift */; };
		1373B07922DC237700F28EF0 /* MediaItemsFilter+title.swift in Sources */ = {isa = PBXBuildFile; fileRef = 1373B01F22DC237600F28EF0 /* MediaItemsFilter+title.swift */; };
		1373B07D22DC237700F28EF0 /* CGRect+Convenience.swift in Sources */ = {isa = PBXBuildFile; fileRef = 1373B02422DC237600F28EF0 /* CGRect+Convenience.swift */; };
		1373B07E22DC237700F28EF0 /* UIViewController+Child.swift in Sources */ = {isa = PBXBuildFile; fileRef = 1373B02522DC237600F28EF0 /* UIViewController+Child.swift */; };
		1373B07F22DC237700F28EF0 /* CATransaction+Block.swift in Sources */ = {isa = PBXBuildFile; fileRef = 1373B02622DC237600F28EF0 /* CATransaction+Block.swift */; };
		1373B08022DC237700F28EF0 /* UIColor+Sugar.swift in Sources */ = {isa = PBXBuildFile; fileRef = 1373B02722DC237600F28EF0 /* UIColor+Sugar.swift */; };
		1373B08122DC237700F28EF0 /* AVPlayerLayer+ReadyHandler.swift in Sources */ = {isa = PBXBuildFile; fileRef = 1373B02822DC237600F28EF0 /* AVPlayerLayer+ReadyHandler.swift */; };
		1373B08222DC237700F28EF0 /* UIColor+Tools.swift in Sources */ = {isa = PBXBuildFile; fileRef = 1373B02922DC237600F28EF0 /* UIColor+Tools.swift */; };
		1373B08322DC237700F28EF0 /* AVAsset+PresentationSize.swift in Sources */ = {isa = PBXBuildFile; fileRef = 1373B02A22DC237600F28EF0 /* AVAsset+PresentationSize.swift */; };
		1373B08522DC237700F28EF0 /* UIImage+Orientation.swift in Sources */ = {isa = PBXBuildFile; fileRef = 1373B02C22DC237600F28EF0 /* UIImage+Orientation.swift */; };
		1373B08622DC237700F28EF0 /* AVAssetTrack+Size.swift in Sources */ = {isa = PBXBuildFile; fileRef = 1373B02D22DC237600F28EF0 /* AVAssetTrack+Size.swift */; };
		1373B08A22DC237700F28EF0 /* PlayerView.swift in Sources */ = {isa = PBXBuildFile; fileRef = 1373B03322DC237600F28EF0 /* PlayerView.swift */; };
		1373B08B22DC237700F28EF0 /* PermissionsPlaceholderView.swift in Sources */ = {isa = PBXBuildFile; fileRef = 1373B03522DC237600F28EF0 /* PermissionsPlaceholderView.swift */; };
		1373B08C22DC237700F28EF0 /* SwitchView.swift in Sources */ = {isa = PBXBuildFile; fileRef = 1373B03722DC237600F28EF0 /* SwitchView.swift */; };
		1373B08D22DC237700F28EF0 /* DropdownButton.swift in Sources */ = {isa = PBXBuildFile; fileRef = 1373B03922DC237600F28EF0 /* DropdownButton.swift */; };
		1373B08E22DC237700F28EF0 /* MediaItemPreviewPresenter.swift in Sources */ = {isa = PBXBuildFile; fileRef = 1373B03C22DC237600F28EF0 /* MediaItemPreviewPresenter.swift */; };
		1373B08F22DC237700F28EF0 /* MediaItemPreviewViewController.swift in Sources */ = {isa = PBXBuildFile; fileRef = 1373B03D22DC237600F28EF0 /* MediaItemPreviewViewController.swift */; };
		1373B09022DC237700F28EF0 /* MediaItemPreviewModule.swift in Sources */ = {isa = PBXBuildFile; fileRef = 1373B03E22DC237600F28EF0 /* MediaItemPreviewModule.swift */; };
		1373B09522DC237700F28EF0 /* CollectionCellItem.swift in Sources */ = {isa = PBXBuildFile; fileRef = 1373B04622DC237600F28EF0 /* CollectionCellItem.swift */; };
		1373B09622DC237700F28EF0 /* CollectionCell.swift in Sources */ = {isa = PBXBuildFile; fileRef = 1373B04722DC237600F28EF0 /* CollectionCell.swift */; };
		1373B09722DC237700F28EF0 /* CollectionCellModel.swift in Sources */ = {isa = PBXBuildFile; fileRef = 1373B04822DC237600F28EF0 /* CollectionCellModel.swift */; };
		1373B09822DC237700F28EF0 /* GalleryViewController.swift in Sources */ = {isa = PBXBuildFile; fileRef = 1373B04A22DC237600F28EF0 /* GalleryViewController.swift */; };
		1373B09D22DC237700F28EF0 /* PhotoMediaItemCell.swift in Sources */ = {isa = PBXBuildFile; fileRef = 1373B05222DC237600F28EF0 /* PhotoMediaItemCell.swift */; };
		1373B09F22DC237700F28EF0 /* PlaceholderCellItem.swift in Sources */ = {isa = PBXBuildFile; fileRef = 1373B05522DC237600F28EF0 /* PlaceholderCellItem.swift */; };
		1373B0A022DC237700F28EF0 /* VideoMediaItemCell.swift in Sources */ = {isa = PBXBuildFile; fileRef = 1373B05722DC237600F28EF0 /* VideoMediaItemCell.swift */; };
		1373B0A222DC237700F28EF0 /* GalleryPresenter.swift in Sources */ = {isa = PBXBuildFile; fileRef = 1373B05922DC237600F28EF0 /* GalleryPresenter.swift */; };
		1373B0A322DC237700F28EF0 /* GallerySectionsFactory.swift in Sources */ = {isa = PBXBuildFile; fileRef = 1373B05A22DC237600F28EF0 /* GallerySectionsFactory.swift */; };
		1373B0A422DC237700F28EF0 /* GalleryModule.swift in Sources */ = {isa = PBXBuildFile; fileRef = 1373B05B22DC237600F28EF0 /* GalleryModule.swift */; };
		1373B0A722DC237700F28EF0 /* MainServiceFactory.swift in Sources */ = {isa = PBXBuildFile; fileRef = 1373B06022DC237600F28EF0 /* MainServiceFactory.swift */; };
		A9376A39270F0285004C1775 /* AVPlayer+Stop.swift in Sources */ = {isa = PBXBuildFile; fileRef = A9376A38270F0285004C1775 /* AVPlayer+Stop.swift */; };
		A9376A3B270F043F004C1775 /* MediaItemCell.swift in Sources */ = {isa = PBXBuildFile; fileRef = A9376A3A270F043F004C1775 /* MediaItemCell.swift */; };
		A93A904F2706CBCE00DB8FC1 /* PHAsset+DiffCompatible.swift in Sources */ = {isa = PBXBuildFile; fileRef = A93A904E2706CBCE00DB8FC1 /* PHAsset+DiffCompatible.swift */; };
		A93A90582706E23000DB8FC1 /* EmptyItemCellModel.swift in Sources */ = {isa = PBXBuildFile; fileRef = A93A90572706E23000DB8FC1 /* EmptyItemCellModel.swift */; };
		A93A905A2706E24E00DB8FC1 /* PhotoItemCellModel.swift in Sources */ = {isa = PBXBuildFile; fileRef = A93A90592706E24E00DB8FC1 /* PhotoItemCellModel.swift */; };
		A93A905C2706E26700DB8FC1 /* VideoItemCellModel.swift in Sources */ = {isa = PBXBuildFile; fileRef = A93A905B2706E26700DB8FC1 /* VideoItemCellModel.swift */; };
		A9573E8627FC192200383B00 /* NavigationAppearance.swift in Sources */ = {isa = PBXBuildFile; fileRef = A9573E8527FC192200383B00 /* NavigationAppearance.swift */; };
		A9573E8827FC1AE000383B00 /* PermissionAppearance.swift in Sources */ = {isa = PBXBuildFile; fileRef = A9573E8727FC1AE000383B00 /* PermissionAppearance.swift */; };
		A9573E8A27FC238300383B00 /* AlbumSectionAppearance.swift in Sources */ = {isa = PBXBuildFile; fileRef = A9573E8927FC238300383B00 /* AlbumSectionAppearance.swift */; };
		A9573E8C27FC355900383B00 /* AlbumCellAppearance.swift in Sources */ = {isa = PBXBuildFile; fileRef = A9573E8B27FC355900383B00 /* AlbumCellAppearance.swift */; };
		A98FCDDE27F59DE500B1854F /* UIColor.swift in Sources */ = {isa = PBXBuildFile; fileRef = A98FCDDD27F59DE500B1854F /* UIColor.swift */; };
		A98FCDE027F5A35100B1854F /* Assets.xcassets in Resources */ = {isa = PBXBuildFile; fileRef = A98FCDDF27F5A35100B1854F /* Assets.xcassets */; };
		A98FCDE427F5A35A00B1854F /* Localizable.strings in Resources */ = {isa = PBXBuildFile; fileRef = A98FCDE227F5A35A00B1854F /* Localizable.strings */; };
		A98FCDE627F5AD2900B1854F /* TextStyles.swift in Sources */ = {isa = PBXBuildFile; fileRef = A98FCDE527F5AD2900B1854F /* TextStyles.swift */; };
		A98FCDEC27F5BDE500B1854F /* AlbumsShevroneView.swift in Sources */ = {isa = PBXBuildFile; fileRef = A98FCDEB27F5BDE500B1854F /* AlbumsShevroneView.swift */; };
		A98FCDF027F5C12B00B1854F /* UIEdgeInsets+Sum.swift in Sources */ = {isa = PBXBuildFile; fileRef = A98FCDEF27F5C12B00B1854F /* UIEdgeInsets+Sum.swift */; };
		A98FCDF927F6B27700B1854F /* ATRButton.swift in Sources */ = {isa = PBXBuildFile; fileRef = A98FCDF827F6B27700B1854F /* ATRButton.swift */; };
		A9FF44092743B967001D7559 /* MediaAppearance.swift in Sources */ = {isa = PBXBuildFile; fileRef = A9FF44082743B967001D7559 /* MediaAppearance.swift */; };
		A9FF440B2743BAA6001D7559 /* CollectionViewAppearance.swift in Sources */ = {isa = PBXBuildFile; fileRef = A9FF440A2743BAA6001D7559 /* CollectionViewAppearance.swift */; };
		A9FF440D2743BC7A001D7559 /* AssetCellAppearance.swift in Sources */ = {isa = PBXBuildFile; fileRef = A9FF440C2743BC7A001D7559 /* AssetCellAppearance.swift */; };
		A9FF44142744BD9E001D7559 /* AssetSectionAppearance.swift in Sources */ = {isa = PBXBuildFile; fileRef = A9FF44132744BD9E001D7559 /* AssetSectionAppearance.swift */; };
/* End PBXBuildFile section */

/* Begin PBXFileReference section */
		01799F0F282E098000FF2EE0 /* PlaceholderCell.swift */ = {isa = PBXFileReference; lastKnownFileType = sourcecode.swift; path = PlaceholderCell.swift; sourceTree = "<group>"; };
		0642778C2421E0B30036D878 /* MediaCoordinator.swift */ = {isa = PBXFileReference; lastKnownFileType = sourcecode.swift; path = MediaCoordinator.swift; sourceTree = "<group>"; };
		06A629F8242113130099B130 /* SelectionView.swift */ = {isa = PBXFileReference; lastKnownFileType = sourcecode.swift; path = SelectionView.swift; sourceTree = "<group>"; };
		1373AFFC22DC235400F28EF0 /* Media.framework */ = {isa = PBXFileReference; explicitFileType = wrapper.framework; includeInIndex = 0; path = Media.framework; sourceTree = BUILT_PRODUCTS_DIR; };
		1373AFFF22DC235400F28EF0 /* Media.h */ = {isa = PBXFileReference; lastKnownFileType = sourcecode.c.h; path = Media.h; sourceTree = "<group>"; };
		1373B00022DC235400F28EF0 /* Info.plist */ = {isa = PBXFileReference; lastKnownFileType = text.plist.xml; path = Info.plist; sourceTree = "<group>"; };
		1373B00822DC237600F28EF0 /* Strings.swift */ = {isa = PBXFileReference; fileEncoding = 4; lastKnownFileType = sourcecode.swift; path = Strings.swift; sourceTree = "<group>"; };
		1373B00922DC237600F28EF0 /* Assets.swift */ = {isa = PBXFileReference; fileEncoding = 4; lastKnownFileType = sourcecode.swift; path = Assets.swift; sourceTree = "<group>"; };
		1373B01F22DC237600F28EF0 /* MediaItemsFilter+title.swift */ = {isa = PBXFileReference; fileEncoding = 4; lastKnownFileType = sourcecode.swift; path = "MediaItemsFilter+title.swift"; sourceTree = "<group>"; };
		1373B02422DC237600F28EF0 /* CGRect+Convenience.swift */ = {isa = PBXFileReference; fileEncoding = 4; lastKnownFileType = sourcecode.swift; path = "CGRect+Convenience.swift"; sourceTree = "<group>"; };
		1373B02522DC237600F28EF0 /* UIViewController+Child.swift */ = {isa = PBXFileReference; fileEncoding = 4; lastKnownFileType = sourcecode.swift; path = "UIViewController+Child.swift"; sourceTree = "<group>"; };
		1373B02622DC237600F28EF0 /* CATransaction+Block.swift */ = {isa = PBXFileReference; fileEncoding = 4; lastKnownFileType = sourcecode.swift; path = "CATransaction+Block.swift"; sourceTree = "<group>"; };
		1373B02722DC237600F28EF0 /* UIColor+Sugar.swift */ = {isa = PBXFileReference; fileEncoding = 4; lastKnownFileType = sourcecode.swift; path = "UIColor+Sugar.swift"; sourceTree = "<group>"; };
		1373B02822DC237600F28EF0 /* AVPlayerLayer+ReadyHandler.swift */ = {isa = PBXFileReference; fileEncoding = 4; lastKnownFileType = sourcecode.swift; path = "AVPlayerLayer+ReadyHandler.swift"; sourceTree = "<group>"; };
		1373B02922DC237600F28EF0 /* UIColor+Tools.swift */ = {isa = PBXFileReference; fileEncoding = 4; lastKnownFileType = sourcecode.swift; path = "UIColor+Tools.swift"; sourceTree = "<group>"; };
		1373B02A22DC237600F28EF0 /* AVAsset+PresentationSize.swift */ = {isa = PBXFileReference; fileEncoding = 4; lastKnownFileType = sourcecode.swift; path = "AVAsset+PresentationSize.swift"; sourceTree = "<group>"; };
		1373B02C22DC237600F28EF0 /* UIImage+Orientation.swift */ = {isa = PBXFileReference; fileEncoding = 4; lastKnownFileType = sourcecode.swift; path = "UIImage+Orientation.swift"; sourceTree = "<group>"; };
		1373B02D22DC237600F28EF0 /* AVAssetTrack+Size.swift */ = {isa = PBXFileReference; fileEncoding = 4; lastKnownFileType = sourcecode.swift; path = "AVAssetTrack+Size.swift"; sourceTree = "<group>"; };
		1373B03322DC237600F28EF0 /* PlayerView.swift */ = {isa = PBXFileReference; fileEncoding = 4; lastKnownFileType = sourcecode.swift; path = PlayerView.swift; sourceTree = "<group>"; };
		1373B03522DC237600F28EF0 /* PermissionsPlaceholderView.swift */ = {isa = PBXFileReference; fileEncoding = 4; lastKnownFileType = sourcecode.swift; path = PermissionsPlaceholderView.swift; sourceTree = "<group>"; };
		1373B03722DC237600F28EF0 /* SwitchView.swift */ = {isa = PBXFileReference; fileEncoding = 4; lastKnownFileType = sourcecode.swift; path = SwitchView.swift; sourceTree = "<group>"; };
		1373B03922DC237600F28EF0 /* DropdownButton.swift */ = {isa = PBXFileReference; fileEncoding = 4; lastKnownFileType = sourcecode.swift; path = DropdownButton.swift; sourceTree = "<group>"; };
		1373B03C22DC237600F28EF0 /* MediaItemPreviewPresenter.swift */ = {isa = PBXFileReference; fileEncoding = 4; lastKnownFileType = sourcecode.swift; path = MediaItemPreviewPresenter.swift; sourceTree = "<group>"; };
		1373B03D22DC237600F28EF0 /* MediaItemPreviewViewController.swift */ = {isa = PBXFileReference; fileEncoding = 4; lastKnownFileType = sourcecode.swift; path = MediaItemPreviewViewController.swift; sourceTree = "<group>"; };
		1373B03E22DC237600F28EF0 /* MediaItemPreviewModule.swift */ = {isa = PBXFileReference; fileEncoding = 4; lastKnownFileType = sourcecode.swift; path = MediaItemPreviewModule.swift; sourceTree = "<group>"; };
		1373B04622DC237600F28EF0 /* CollectionCellItem.swift */ = {isa = PBXFileReference; fileEncoding = 4; lastKnownFileType = sourcecode.swift; path = CollectionCellItem.swift; sourceTree = "<group>"; };
		1373B04722DC237600F28EF0 /* CollectionCell.swift */ = {isa = PBXFileReference; fileEncoding = 4; lastKnownFileType = sourcecode.swift; path = CollectionCell.swift; sourceTree = "<group>"; };
		1373B04822DC237600F28EF0 /* CollectionCellModel.swift */ = {isa = PBXFileReference; fileEncoding = 4; lastKnownFileType = sourcecode.swift; path = CollectionCellModel.swift; sourceTree = "<group>"; };
		1373B04A22DC237600F28EF0 /* GalleryViewController.swift */ = {isa = PBXFileReference; fileEncoding = 4; lastKnownFileType = sourcecode.swift; path = GalleryViewController.swift; sourceTree = "<group>"; };
		1373B05222DC237600F28EF0 /* PhotoMediaItemCell.swift */ = {isa = PBXFileReference; fileEncoding = 4; lastKnownFileType = sourcecode.swift; path = PhotoMediaItemCell.swift; sourceTree = "<group>"; };
		1373B05522DC237600F28EF0 /* PlaceholderCellItem.swift */ = {isa = PBXFileReference; fileEncoding = 4; lastKnownFileType = sourcecode.swift; path = PlaceholderCellItem.swift; sourceTree = "<group>"; };
		1373B05722DC237600F28EF0 /* VideoMediaItemCell.swift */ = {isa = PBXFileReference; fileEncoding = 4; lastKnownFileType = sourcecode.swift; path = VideoMediaItemCell.swift; sourceTree = "<group>"; };
		1373B05922DC237600F28EF0 /* GalleryPresenter.swift */ = {isa = PBXFileReference; fileEncoding = 4; lastKnownFileType = sourcecode.swift; path = GalleryPresenter.swift; sourceTree = "<group>"; };
		1373B05A22DC237600F28EF0 /* GallerySectionsFactory.swift */ = {isa = PBXFileReference; fileEncoding = 4; lastKnownFileType = sourcecode.swift; path = GallerySectionsFactory.swift; sourceTree = "<group>"; };
		1373B05B22DC237600F28EF0 /* GalleryModule.swift */ = {isa = PBXFileReference; fileEncoding = 4; lastKnownFileType = sourcecode.swift; path = GalleryModule.swift; sourceTree = "<group>"; };
		1373B06022DC237600F28EF0 /* MainServiceFactory.swift */ = {isa = PBXFileReference; fileEncoding = 4; lastKnownFileType = sourcecode.swift; path = MainServiceFactory.swift; sourceTree = "<group>"; };
		1373B0AD22DC246000F28EF0 /* Framezilla.framework */ = {isa = PBXFileReference; lastKnownFileType = wrapper.framework; name = Framezilla.framework; path = Carthage/Build/iOS/Framezilla.framework; sourceTree = "<group>"; };
		1373B0AF22DC246000F28EF0 /* Ion.framework */ = {isa = PBXFileReference; lastKnownFileType = wrapper.framework; name = Ion.framework; path = Carthage/Build/iOS/Ion.framework; sourceTree = "<group>"; };
		1373B0B022DC246000F28EF0 /* Texstyle.framework */ = {isa = PBXFileReference; lastKnownFileType = wrapper.framework; name = Texstyle.framework; path = Carthage/Build/iOS/Texstyle.framework; sourceTree = "<group>"; };
		368B877B2599F9360056E044 /* DeepDiff.framework */ = {isa = PBXFileReference; lastKnownFileType = wrapper.framework; name = DeepDiff.framework; path = Carthage/Build/iOS/DeepDiff.framework; sourceTree = "<group>"; };
		A9202051270184EC0045BD61 /* CollectionViewTools.xcframework */ = {isa = PBXFileReference; lastKnownFileType = wrapper.xcframework; name = CollectionViewTools.xcframework; path = Carthage/Build/CollectionViewTools.xcframework; sourceTree = "<group>"; };
		A9202052270184EC0045BD61 /* Ion.xcframework */ = {isa = PBXFileReference; lastKnownFileType = wrapper.xcframework; name = Ion.xcframework; path = Carthage/Build/Ion.xcframework; sourceTree = "<group>"; };
		A9202053270184EC0045BD61 /* DeepDiff.xcframework */ = {isa = PBXFileReference; lastKnownFileType = wrapper.xcframework; name = DeepDiff.xcframework; path = Carthage/Build/DeepDiff.xcframework; sourceTree = "<group>"; };
		A9202054270184EC0045BD61 /* Framezilla.xcframework */ = {isa = PBXFileReference; lastKnownFileType = wrapper.xcframework; name = Framezilla.xcframework; path = Carthage/Build/Framezilla.xcframework; sourceTree = "<group>"; };
		A920205E270184F30045BD61 /* MediaService.xcframework */ = {isa = PBXFileReference; lastKnownFileType = wrapper.xcframework; name = MediaService.xcframework; path = Carthage/Build/MediaService.xcframework; sourceTree = "<group>"; };
		A920205F270184F30045BD61 /* Texstyle.xcframework */ = {isa = PBXFileReference; lastKnownFileType = wrapper.xcframework; name = Texstyle.xcframework; path = Carthage/Build/Texstyle.xcframework; sourceTree = "<group>"; };
		A9376A38270F0285004C1775 /* AVPlayer+Stop.swift */ = {isa = PBXFileReference; lastKnownFileType = sourcecode.swift; path = "AVPlayer+Stop.swift"; sourceTree = "<group>"; };
		A9376A3A270F043F004C1775 /* MediaItemCell.swift */ = {isa = PBXFileReference; fileEncoding = 4; lastKnownFileType = sourcecode.swift; path = MediaItemCell.swift; sourceTree = "<group>"; };
		A93A904E2706CBCE00DB8FC1 /* PHAsset+DiffCompatible.swift */ = {isa = PBXFileReference; lastKnownFileType = sourcecode.swift; path = "PHAsset+DiffCompatible.swift"; sourceTree = "<group>"; };
		A93A90572706E23000DB8FC1 /* EmptyItemCellModel.swift */ = {isa = PBXFileReference; lastKnownFileType = sourcecode.swift; path = EmptyItemCellModel.swift; sourceTree = "<group>"; };
		A93A90592706E24E00DB8FC1 /* PhotoItemCellModel.swift */ = {isa = PBXFileReference; lastKnownFileType = sourcecode.swift; path = PhotoItemCellModel.swift; sourceTree = "<group>"; };
		A93A905B2706E26700DB8FC1 /* VideoItemCellModel.swift */ = {isa = PBXFileReference; lastKnownFileType = sourcecode.swift; path = VideoItemCellModel.swift; sourceTree = "<group>"; };
		A9573E8527FC192200383B00 /* NavigationAppearance.swift */ = {isa = PBXFileReference; lastKnownFileType = sourcecode.swift; path = NavigationAppearance.swift; sourceTree = "<group>"; };
		A9573E8727FC1AE000383B00 /* PermissionAppearance.swift */ = {isa = PBXFileReference; lastKnownFileType = sourcecode.swift; path = PermissionAppearance.swift; sourceTree = "<group>"; };
		A9573E8927FC238300383B00 /* AlbumSectionAppearance.swift */ = {isa = PBXFileReference; lastKnownFileType = sourcecode.swift; path = AlbumSectionAppearance.swift; sourceTree = "<group>"; };
		A9573E8B27FC355900383B00 /* AlbumCellAppearance.swift */ = {isa = PBXFileReference; lastKnownFileType = sourcecode.swift; path = AlbumCellAppearance.swift; sourceTree = "<group>"; };
		A9770A2626FCA5D800D30449 /* MediaService.framework */ = {isa = PBXFileReference; lastKnownFileType = wrapper.framework; name = MediaService.framework; path = Carthage/Build/iOS/MediaService.framework; sourceTree = "<group>"; };
		A98FCDDD27F59DE500B1854F /* UIColor.swift */ = {isa = PBXFileReference; lastKnownFileType = sourcecode.swift; path = UIColor.swift; sourceTree = "<group>"; };
		A98FCDDF27F5A35100B1854F /* Assets.xcassets */ = {isa = PBXFileReference; lastKnownFileType = folder.assetcatalog; path = Assets.xcassets; sourceTree = "<group>"; };
		A98FCDE327F5A35A00B1854F /* en */ = {isa = PBXFileReference; lastKnownFileType = text.plist.strings; name = en; path = Localizable.strings; sourceTree = "<group>"; };
		A98FCDE527F5AD2900B1854F /* TextStyles.swift */ = {isa = PBXFileReference; lastKnownFileType = sourcecode.swift; path = TextStyles.swift; sourceTree = "<group>"; };
		A98FCDEB27F5BDE500B1854F /* AlbumsShevroneView.swift */ = {isa = PBXFileReference; lastKnownFileType = sourcecode.swift; path = AlbumsShevroneView.swift; sourceTree = "<group>"; };
		A98FCDEF27F5C12B00B1854F /* UIEdgeInsets+Sum.swift */ = {isa = PBXFileReference; lastKnownFileType = sourcecode.swift; path = "UIEdgeInsets+Sum.swift"; sourceTree = "<group>"; };
		A98FCDF827F6B27700B1854F /* ATRButton.swift */ = {isa = PBXFileReference; lastKnownFileType = sourcecode.swift; path = ATRButton.swift; sourceTree = "<group>"; };
		A9FF44082743B967001D7559 /* MediaAppearance.swift */ = {isa = PBXFileReference; lastKnownFileType = sourcecode.swift; path = MediaAppearance.swift; sourceTree = "<group>"; };
		A9FF440A2743BAA6001D7559 /* CollectionViewAppearance.swift */ = {isa = PBXFileReference; lastKnownFileType = sourcecode.swift; path = CollectionViewAppearance.swift; sourceTree = "<group>"; };
		A9FF440C2743BC7A001D7559 /* AssetCellAppearance.swift */ = {isa = PBXFileReference; lastKnownFileType = sourcecode.swift; path = AssetCellAppearance.swift; sourceTree = "<group>"; };
		A9FF44132744BD9E001D7559 /* AssetSectionAppearance.swift */ = {isa = PBXFileReference; lastKnownFileType = sourcecode.swift; path = AssetSectionAppearance.swift; sourceTree = "<group>"; };
/* End PBXFileReference section */

/* Begin PBXFrameworksBuildPhase section */
		1373AFF922DC235400F28EF0 /* Frameworks */ = {
			isa = PBXFrameworksBuildPhase;
			buildActionMask = 2147483647;
			files = (
			);
			runOnlyForDeploymentPostprocessing = 0;
		};
/* End PBXFrameworksBuildPhase section */

/* Begin PBXGroup section */
		0642778B2421E09E0036D878 /* Coordinators */ = {
			isa = PBXGroup;
			children = (
				0642778C2421E0B30036D878 /* MediaCoordinator.swift */,
			);
			path = Coordinators;
			sourceTree = "<group>";
		};
		1373AFF222DC235400F28EF0 = {
			isa = PBXGroup;
			children = (
				1373AFFE22DC235400F28EF0 /* Media */,
				1373AFFD22DC235400F28EF0 /* Products */,
				1373B0AC22DC246000F28EF0 /* Frameworks */,
			);
			sourceTree = "<group>";
		};
		1373AFFD22DC235400F28EF0 /* Products */ = {
			isa = PBXGroup;
			children = (
				1373AFFC22DC235400F28EF0 /* Media.framework */,
			);
			name = Products;
			sourceTree = "<group>";
		};
		1373AFFE22DC235400F28EF0 /* Media */ = {
			isa = PBXGroup;
			children = (
				1373B01922DC237600F28EF0 /* Classes */,
				1373B00722DC237600F28EF0 /* Resources */,
				1373AFFF22DC235400F28EF0 /* Media.h */,
				1373B00022DC235400F28EF0 /* Info.plist */,
			);
			path = Media;
			sourceTree = "<group>";
		};
		1373B00722DC237600F28EF0 /* Resources */ = {
			isa = PBXGroup;
			children = (
				1373B00822DC237600F28EF0 /* Strings.swift */,
				1373B00922DC237600F28EF0 /* Assets.swift */,
				A98FCDE127F5A35A00B1854F /* en.lproj */,
				A98FCDDF27F5A35100B1854F /* Assets.xcassets */,
				A98FCDDD27F59DE500B1854F /* UIColor.swift */,
				A98FCDE527F5AD2900B1854F /* TextStyles.swift */,
			);
			path = Resources;
			sourceTree = "<group>";
		};
		1373B01922DC237600F28EF0 /* Classes */ = {
			isa = PBXGroup;
			children = (
				0642778B2421E09E0036D878 /* Coordinators */,
				1373B02322DC237600F28EF0 /* Extensions */,
				1373B03122DC237600F28EF0 /* Components */,
				1373B03A22DC237600F28EF0 /* Modules */,
				1373B05C22DC237600F28EF0 /* Services */,
			);
			path = Classes;
			sourceTree = "<group>";
		};
		1373B02322DC237600F28EF0 /* Extensions */ = {
			isa = PBXGroup;
			children = (
				1373B02422DC237600F28EF0 /* CGRect+Convenience.swift */,
				1373B01F22DC237600F28EF0 /* MediaItemsFilter+title.swift */,
				1373B02522DC237600F28EF0 /* UIViewController+Child.swift */,
				1373B02622DC237600F28EF0 /* CATransaction+Block.swift */,
				1373B02722DC237600F28EF0 /* UIColor+Sugar.swift */,
				1373B02822DC237600F28EF0 /* AVPlayerLayer+ReadyHandler.swift */,
				1373B02922DC237600F28EF0 /* UIColor+Tools.swift */,
				1373B02A22DC237600F28EF0 /* AVAsset+PresentationSize.swift */,
				1373B02C22DC237600F28EF0 /* UIImage+Orientation.swift */,
				1373B02D22DC237600F28EF0 /* AVAssetTrack+Size.swift */,
				A93A904E2706CBCE00DB8FC1 /* PHAsset+DiffCompatible.swift */,
				A9376A38270F0285004C1775 /* AVPlayer+Stop.swift */,
				A98FCDEF27F5C12B00B1854F /* UIEdgeInsets+Sum.swift */,
			);
			path = Extensions;
			sourceTree = "<group>";
		};
		1373B03122DC237600F28EF0 /* Components */ = {
			isa = PBXGroup;
			children = (
				A98FCDF727F6B26800B1854F /* ATRButton */,
				A98FCDE827F5BDC100B1854F /* AlbumsShevroneView */,
				A9FF44072743B943001D7559 /* Appearance */,
				1373B03222DC237600F28EF0 /* PlayerView */,
				1373B03422DC237600F28EF0 /* PermissionsPlaceholderView */,
				1373B03622DC237600F28EF0 /* SwitchView */,
				1373B03822DC237600F28EF0 /* DropdownButton */,
			);
			path = Components;
			sourceTree = "<group>";
		};
		1373B03222DC237600F28EF0 /* PlayerView */ = {
			isa = PBXGroup;
			children = (
				1373B03322DC237600F28EF0 /* PlayerView.swift */,
			);
			path = PlayerView;
			sourceTree = "<group>";
		};
		1373B03422DC237600F28EF0 /* PermissionsPlaceholderView */ = {
			isa = PBXGroup;
			children = (
				1373B03522DC237600F28EF0 /* PermissionsPlaceholderView.swift */,
			);
			path = PermissionsPlaceholderView;
			sourceTree = "<group>";
		};
		1373B03622DC237600F28EF0 /* SwitchView */ = {
			isa = PBXGroup;
			children = (
				1373B03722DC237600F28EF0 /* SwitchView.swift */,
			);
			path = SwitchView;
			sourceTree = "<group>";
		};
		1373B03822DC237600F28EF0 /* DropdownButton */ = {
			isa = PBXGroup;
			children = (
				1373B03922DC237600F28EF0 /* DropdownButton.swift */,
			);
			path = DropdownButton;
			sourceTree = "<group>";
		};
		1373B03A22DC237600F28EF0 /* Modules */ = {
			isa = PBXGroup;
			children = (
				1373B03B22DC237600F28EF0 /* MediaItemPreview */,
				1373B04922DC237600F28EF0 /* Gallery */,
			);
			path = Modules;
			sourceTree = "<group>";
		};
		1373B03B22DC237600F28EF0 /* MediaItemPreview */ = {
			isa = PBXGroup;
			children = (
				1373B03C22DC237600F28EF0 /* MediaItemPreviewPresenter.swift */,
				1373B03D22DC237600F28EF0 /* MediaItemPreviewViewController.swift */,
				1373B03E22DC237600F28EF0 /* MediaItemPreviewModule.swift */,
			);
			path = MediaItemPreview;
			sourceTree = "<group>";
		};
		1373B04522DC237600F28EF0 /* CollectionCell */ = {
			isa = PBXGroup;
			children = (
				1373B04622DC237600F28EF0 /* CollectionCellItem.swift */,
				1373B04722DC237600F28EF0 /* CollectionCell.swift */,
				1373B04822DC237600F28EF0 /* CollectionCellModel.swift */,
			);
			path = CollectionCell;
			sourceTree = "<group>";
		};
		1373B04922DC237600F28EF0 /* Gallery */ = {
			isa = PBXGroup;
			children = (
				1373B04B22DC237600F28EF0 /* Submodules */,
				1373B05B22DC237600F28EF0 /* GalleryModule.swift */,
				1373B04A22DC237600F28EF0 /* GalleryViewController.swift */,
				1373B05922DC237600F28EF0 /* GalleryPresenter.swift */,
				1373B05A22DC237600F28EF0 /* GallerySectionsFactory.swift */,
			);
			path = Gallery;
			sourceTree = "<group>";
		};
		1373B04B22DC237600F28EF0 /* Submodules */ = {
			isa = PBXGroup;
			children = (
				1373B04522DC237600F28EF0 /* CollectionCell */,
				1373B04C22DC237600F28EF0 /* MediaItemCell */,
				1373B05022DC237600F28EF0 /* PhotoMediaItemCell */,
				1373B05322DC237600F28EF0 /* PlaceholderCell */,
				1373B05622DC237600F28EF0 /* VideoMediaItemCell */,
			);
			path = Submodules;
			sourceTree = "<group>";
		};
		1373B04C22DC237600F28EF0 /* MediaItemCell */ = {
			isa = PBXGroup;
			children = (
				A93A905D2706E5EE00DB8FC1 /* ItemCellModel */,
				A9376A3A270F043F004C1775 /* MediaItemCell.swift */,
				06A629F8242113130099B130 /* SelectionView.swift */,
			);
			path = MediaItemCell;
			sourceTree = "<group>";
		};
		1373B05022DC237600F28EF0 /* PhotoMediaItemCell */ = {
			isa = PBXGroup;
			children = (
				1373B05222DC237600F28EF0 /* PhotoMediaItemCell.swift */,
			);
			path = PhotoMediaItemCell;
			sourceTree = "<group>";
		};
		1373B05322DC237600F28EF0 /* PlaceholderCell */ = {
			isa = PBXGroup;
			children = (
				1373B05522DC237600F28EF0 /* PlaceholderCellItem.swift */,
				01799F0F282E098000FF2EE0 /* PlaceholderCell.swift */,
			);
			path = PlaceholderCell;
			sourceTree = "<group>";
		};
		1373B05622DC237600F28EF0 /* VideoMediaItemCell */ = {
			isa = PBXGroup;
			children = (
				1373B05722DC237600F28EF0 /* VideoMediaItemCell.swift */,
			);
			path = VideoMediaItemCell;
			sourceTree = "<group>";
		};
		1373B05C22DC237600F28EF0 /* Services */ = {
			isa = PBXGroup;
			children = (
				1373B06022DC237600F28EF0 /* MainServiceFactory.swift */,
			);
			path = Services;
			sourceTree = "<group>";
		};
		1373B0AC22DC246000F28EF0 /* Frameworks */ = {
			isa = PBXGroup;
			children = (
				A920205E270184F30045BD61 /* MediaService.xcframework */,
				A920205F270184F30045BD61 /* Texstyle.xcframework */,
				A9202051270184EC0045BD61 /* CollectionViewTools.xcframework */,
				A9202053270184EC0045BD61 /* DeepDiff.xcframework */,
				A9202054270184EC0045BD61 /* Framezilla.xcframework */,
				A9202052270184EC0045BD61 /* Ion.xcframework */,
				A9770A2626FCA5D800D30449 /* MediaService.framework */,
				368B877B2599F9360056E044 /* DeepDiff.framework */,
				1373B0AD22DC246000F28EF0 /* Framezilla.framework */,
				1373B0AF22DC246000F28EF0 /* Ion.framework */,
				1373B0B022DC246000F28EF0 /* Texstyle.framework */,
			);
			name = Frameworks;
			sourceTree = "<group>";
		};
		A93A905D2706E5EE00DB8FC1 /* ItemCellModel */ = {
			isa = PBXGroup;
			children = (
				A93A90572706E23000DB8FC1 /* EmptyItemCellModel.swift */,
				A93A90592706E24E00DB8FC1 /* PhotoItemCellModel.swift */,
				A93A905B2706E26700DB8FC1 /* VideoItemCellModel.swift */,
			);
			path = ItemCellModel;
			sourceTree = "<group>";
		};
		A98FCDE127F5A35A00B1854F /* en.lproj */ = {
			isa = PBXGroup;
			children = (
				A98FCDE227F5A35A00B1854F /* Localizable.strings */,
			);
			path = en.lproj;
			sourceTree = "<group>";
		};
		A98FCDE827F5BDC100B1854F /* AlbumsShevroneView */ = {
			isa = PBXGroup;
			children = (
				A98FCDEB27F5BDE500B1854F /* AlbumsShevroneView.swift */,
			);
			path = AlbumsShevroneView;
			sourceTree = "<group>";
		};
		A98FCDF727F6B26800B1854F /* ATRButton */ = {
			isa = PBXGroup;
			children = (
				A98FCDF827F6B27700B1854F /* ATRButton.swift */,
			);
			path = ATRButton;
			sourceTree = "<group>";
		};
		A9FF44072743B943001D7559 /* Appearance */ = {
			isa = PBXGroup;
			children = (
				A9FF44082743B967001D7559 /* MediaAppearance.swift */,
				A9FF440A2743BAA6001D7559 /* CollectionViewAppearance.swift */,
				A9573E8B27FC355900383B00 /* AlbumCellAppearance.swift */,
				A9FF440C2743BC7A001D7559 /* AssetCellAppearance.swift */,
				A9FF44132744BD9E001D7559 /* AssetSectionAppearance.swift */,
				A9573E8927FC238300383B00 /* AlbumSectionAppearance.swift */,
				A9573E8527FC192200383B00 /* NavigationAppearance.swift */,
				A9573E8727FC1AE000383B00 /* PermissionAppearance.swift */,
			);
			path = Appearance;
			sourceTree = "<group>";
		};
/* End PBXGroup section */

/* Begin PBXHeadersBuildPhase section */
		1373AFF722DC235400F28EF0 /* Headers */ = {
			isa = PBXHeadersBuildPhase;
			buildActionMask = 2147483647;
			files = (
				1373B00122DC235400F28EF0 /* Media.h in Headers */,
			);
			runOnlyForDeploymentPostprocessing = 0;
		};
/* End PBXHeadersBuildPhase section */

/* Begin PBXNativeTarget section */
		1373AFFB22DC235400F28EF0 /* Media */ = {
			isa = PBXNativeTarget;
			buildConfigurationList = 1373B00422DC235400F28EF0 /* Build configuration list for PBXNativeTarget "Media" */;
			buildPhases = (
				1373AFF722DC235400F28EF0 /* Headers */,
				1373AFF822DC235400F28EF0 /* Sources */,
				1373AFF922DC235400F28EF0 /* Frameworks */,
				1373AFFA22DC235400F28EF0 /* Resources */,
				0642778A2421D9CC0036D878 /* Swiftlint */,
				162A1801135D8F41BFE9328D /* Carthage */,
			);
			buildRules = (
			);
			dependencies = (
			);
			name = Media;
			productName = Media;
			productReference = 1373AFFC22DC235400F28EF0 /* Media.framework */;
			productType = "com.apple.product-type.framework";
		};
/* End PBXNativeTarget section */

/* Begin PBXProject section */
		1373AFF322DC235400F28EF0 /* Project object */ = {
			isa = PBXProject;
			attributes = {
				LastUpgradeCheck = 1020;
				ORGANIZATIONNAME = Rosberry;
				TargetAttributes = {
					1373AFFB22DC235400F28EF0 = {
						CreatedOnToolsVersion = 10.2.1;
					};
				};
			};
			buildConfigurationList = 1373AFF622DC235400F28EF0 /* Build configuration list for PBXProject "Media" */;
			compatibilityVersion = "Xcode 9.3";
			developmentRegion = en;
			hasScannedForEncodings = 0;
			knownRegions = (
				en,
				Base,
			);
			mainGroup = 1373AFF222DC235400F28EF0;
			productRefGroup = 1373AFFD22DC235400F28EF0 /* Products */;
			projectDirPath = "";
			projectRoot = "";
			targets = (
				1373AFFB22DC235400F28EF0 /* Media */,
			);
		};
/* End PBXProject section */

/* Begin PBXResourcesBuildPhase section */
		1373AFFA22DC235400F28EF0 /* Resources */ = {
			isa = PBXResourcesBuildPhase;
			buildActionMask = 2147483647;
			files = (
				A98FCDE427F5A35A00B1854F /* Localizable.strings in Resources */,
				A98FCDE027F5A35100B1854F /* Assets.xcassets in Resources */,
			);
			runOnlyForDeploymentPostprocessing = 0;
		};
/* End PBXResourcesBuildPhase section */

/* Begin PBXShellScriptBuildPhase section */
		0642778A2421D9CC0036D878 /* Swiftlint */ = {
			isa = PBXShellScriptBuildPhase;
			buildActionMask = 2147483647;
			files = (
			);
			inputFileListPaths = (
			);
			inputPaths = (
			);
			name = Swiftlint;
			outputFileListPaths = (
			);
			outputPaths = (
			);
			runOnlyForDeploymentPostprocessing = 0;
			shellPath = /bin/sh;
			shellScript = "if which swiftlint >/dev/null; then\n  swiftlint\nelse\n  echo \"warning: SwiftLint not installed, download from https://github.com/realm/SwiftLint\"\nfi\n";
			showEnvVarsInLog = 0;
		};
		162A1801135D8F41BFE9328D /* Carthage */ = {
			isa = PBXShellScriptBuildPhase;
			buildActionMask = 2147483647;
			files = (
			);
			inputFileListPaths = (
			);
			inputPaths = (
			);
			name = Carthage;
			outputFileListPaths = (
			);
			outputPaths = (
			);
			runOnlyForDeploymentPostprocessing = 0;
			shellPath = /bin/sh;
			shellScript = "/usr/local/bin/carthage copy-frameworks\n";
		};
/* End PBXShellScriptBuildPhase section */

/* Begin PBXSourcesBuildPhase section */
		1373AFF822DC235400F28EF0 /* Sources */ = {
			isa = PBXSourcesBuildPhase;
			buildActionMask = 2147483647;
			files = (
				1373B08E22DC237700F28EF0 /* MediaItemPreviewPresenter.swift in Sources */,
				A93A904F2706CBCE00DB8FC1 /* PHAsset+DiffCompatible.swift in Sources */,
				1373B08122DC237700F28EF0 /* AVPlayerLayer+ReadyHandler.swift in Sources */,
				1373B08622DC237700F28EF0 /* AVAssetTrack+Size.swift in Sources */,
				1373B06822DC237700F28EF0 /* Assets.swift in Sources */,
				A9573E8627FC192200383B00 /* NavigationAppearance.swift in Sources */,
				1373B08C22DC237700F28EF0 /* SwitchView.swift in Sources */,
				1373B08322DC237700F28EF0 /* AVAsset+PresentationSize.swift in Sources */,
				1373B07D22DC237700F28EF0 /* CGRect+Convenience.swift in Sources */,
				A93A905C2706E26700DB8FC1 /* VideoItemCellModel.swift in Sources */,
				1373B09722DC237700F28EF0 /* CollectionCellModel.swift in Sources */,
				1373B0A322DC237700F28EF0 /* GallerySectionsFactory.swift in Sources */,
				1373B0A422DC237700F28EF0 /* GalleryModule.swift in Sources */,
				1373B0A722DC237700F28EF0 /* MainServiceFactory.swift in Sources */,
				1373B09D22DC237700F28EF0 /* PhotoMediaItemCell.swift in Sources */,
				01799F10282E098000FF2EE0 /* PlaceholderCell.swift in Sources */,
				A9FF44142744BD9E001D7559 /* AssetSectionAppearance.swift in Sources */,
				1373B07F22DC237700F28EF0 /* CATransaction+Block.swift in Sources */,
				1373B08222DC237700F28EF0 /* UIColor+Tools.swift in Sources */,
				A9573E8C27FC355900383B00 /* AlbumCellAppearance.swift in Sources */,
				A98FCDDE27F59DE500B1854F /* UIColor.swift in Sources */,
				A98FCDF027F5C12B00B1854F /* UIEdgeInsets+Sum.swift in Sources */,
				A9376A39270F0285004C1775 /* AVPlayer+Stop.swift in Sources */,
				06A629F9242113130099B130 /* SelectionView.swift in Sources */,
				1373B08522DC237700F28EF0 /* UIImage+Orientation.swift in Sources */,
				A9376A3B270F043F004C1775 /* MediaItemCell.swift in Sources */,
				A98FCDF927F6B27700B1854F /* ATRButton.swift in Sources */,
				A98FCDE627F5AD2900B1854F /* TextStyles.swift in Sources */,
				A93A905A2706E24E00DB8FC1 /* PhotoItemCellModel.swift in Sources */,
				A9573E8827FC1AE000383B00 /* PermissionAppearance.swift in Sources */,
				1373B08B22DC237700F28EF0 /* PermissionsPlaceholderView.swift in Sources */,
				1373B08022DC237700F28EF0 /* UIColor+Sugar.swift in Sources */,
				1373B09F22DC237700F28EF0 /* PlaceholderCellItem.swift in Sources */,
				1373B09522DC237700F28EF0 /* CollectionCellItem.swift in Sources */,
				1373B09622DC237700F28EF0 /* CollectionCell.swift in Sources */,
				1373B08D22DC237700F28EF0 /* DropdownButton.swift in Sources */,
				0642778D2421E0B30036D878 /* MediaCoordinator.swift in Sources */,
				A9FF44092743B967001D7559 /* MediaAppearance.swift in Sources */,
				A98FCDEC27F5BDE500B1854F /* AlbumsShevroneView.swift in Sources */,
				1373B09822DC237700F28EF0 /* GalleryViewController.swift in Sources */,
				1373B0A022DC237700F28EF0 /* VideoMediaItemCell.swift in Sources */,
				1373B0A222DC237700F28EF0 /* GalleryPresenter.swift in Sources */,
				A93A90582706E23000DB8FC1 /* EmptyItemCellModel.swift in Sources */,
				1373B06722DC237700F28EF0 /* Strings.swift in Sources */,
				A9FF440B2743BAA6001D7559 /* CollectionViewAppearance.swift in Sources */,
				1373B07E22DC237700F28EF0 /* UIViewController+Child.swift in Sources */,
				1373B08A22DC237700F28EF0 /* PlayerView.swift in Sources */,
				1373B07922DC237700F28EF0 /* MediaItemsFilter+title.swift in Sources */,
				A9FF440D2743BC7A001D7559 /* AssetCellAppearance.swift in Sources */,
				A9573E8A27FC238300383B00 /* AlbumSectionAppearance.swift in Sources */,
				1373B08F22DC237700F28EF0 /* MediaItemPreviewViewController.swift in Sources */,
				1373B09022DC237700F28EF0 /* MediaItemPreviewModule.swift in Sources */,
			);
			runOnlyForDeploymentPostprocessing = 0;
		};
/* End PBXSourcesBuildPhase section */

/* Begin PBXVariantGroup section */
		A98FCDE227F5A35A00B1854F /* Localizable.strings */ = {
			isa = PBXVariantGroup;
			children = (
				A98FCDE327F5A35A00B1854F /* en */,
			);
			name = Localizable.strings;
			sourceTree = "<group>";
		};
/* End PBXVariantGroup section */

/* Begin XCBuildConfiguration section */
		1373B00222DC235400F28EF0 /* Debug */ = {
			isa = XCBuildConfiguration;
			buildSettings = {
				ALWAYS_SEARCH_USER_PATHS = NO;
				CLANG_ANALYZER_NONNULL = YES;
				CLANG_ANALYZER_NUMBER_OBJECT_CONVERSION = YES_AGGRESSIVE;
				CLANG_CXX_LANGUAGE_STANDARD = "gnu++14";
				CLANG_CXX_LIBRARY = "libc++";
				CLANG_ENABLE_MODULES = YES;
				CLANG_ENABLE_OBJC_ARC = YES;
				CLANG_ENABLE_OBJC_WEAK = YES;
				CLANG_WARN_BLOCK_CAPTURE_AUTORELEASING = YES;
				CLANG_WARN_BOOL_CONVERSION = YES;
				CLANG_WARN_COMMA = YES;
				CLANG_WARN_CONSTANT_CONVERSION = YES;
				CLANG_WARN_DEPRECATED_OBJC_IMPLEMENTATIONS = YES;
				CLANG_WARN_DIRECT_OBJC_ISA_USAGE = YES_ERROR;
				CLANG_WARN_DOCUMENTATION_COMMENTS = YES;
				CLANG_WARN_EMPTY_BODY = YES;
				CLANG_WARN_ENUM_CONVERSION = YES;
				CLANG_WARN_INFINITE_RECURSION = YES;
				CLANG_WARN_INT_CONVERSION = YES;
				CLANG_WARN_NON_LITERAL_NULL_CONVERSION = YES;
				CLANG_WARN_OBJC_IMPLICIT_RETAIN_SELF = YES;
				CLANG_WARN_OBJC_LITERAL_CONVERSION = YES;
				CLANG_WARN_OBJC_ROOT_CLASS = YES_ERROR;
				CLANG_WARN_RANGE_LOOP_ANALYSIS = YES;
				CLANG_WARN_STRICT_PROTOTYPES = YES;
				CLANG_WARN_SUSPICIOUS_MOVE = YES;
				CLANG_WARN_UNGUARDED_AVAILABILITY = YES_AGGRESSIVE;
				CLANG_WARN_UNREACHABLE_CODE = YES;
				CLANG_WARN__DUPLICATE_METHOD_MATCH = YES;
				CODE_SIGN_IDENTITY = "iPhone Developer";
				COPY_PHASE_STRIP = NO;
				CURRENT_PROJECT_VERSION = 1;
				DEBUG_INFORMATION_FORMAT = dwarf;
				ENABLE_STRICT_OBJC_MSGSEND = YES;
				ENABLE_TESTABILITY = YES;
				GCC_C_LANGUAGE_STANDARD = gnu11;
				GCC_DYNAMIC_NO_PIC = NO;
				GCC_NO_COMMON_BLOCKS = YES;
				GCC_OPTIMIZATION_LEVEL = 0;
				GCC_PREPROCESSOR_DEFINITIONS = (
					"DEBUG=1",
					"$(inherited)",
				);
				GCC_WARN_64_TO_32_BIT_CONVERSION = YES;
				GCC_WARN_ABOUT_RETURN_TYPE = YES_ERROR;
				GCC_WARN_UNDECLARED_SELECTOR = YES;
				GCC_WARN_UNINITIALIZED_AUTOS = YES_AGGRESSIVE;
				GCC_WARN_UNUSED_FUNCTION = YES;
				GCC_WARN_UNUSED_VARIABLE = YES;
				IPHONEOS_DEPLOYMENT_TARGET = 12.2;
				MTL_ENABLE_DEBUG_INFO = INCLUDE_SOURCE;
				MTL_FAST_MATH = YES;
				ONLY_ACTIVE_ARCH = YES;
				SDKROOT = iphoneos;
				SWIFT_ACTIVE_COMPILATION_CONDITIONS = DEBUG;
				SWIFT_OPTIMIZATION_LEVEL = "-Onone";
				VERSIONING_SYSTEM = "apple-generic";
				VERSION_INFO_PREFIX = "";
			};
			name = Debug;
		};
		1373B00322DC235400F28EF0 /* Release */ = {
			isa = XCBuildConfiguration;
			buildSettings = {
				ALWAYS_SEARCH_USER_PATHS = NO;
				CLANG_ANALYZER_NONNULL = YES;
				CLANG_ANALYZER_NUMBER_OBJECT_CONVERSION = YES_AGGRESSIVE;
				CLANG_CXX_LANGUAGE_STANDARD = "gnu++14";
				CLANG_CXX_LIBRARY = "libc++";
				CLANG_ENABLE_MODULES = YES;
				CLANG_ENABLE_OBJC_ARC = YES;
				CLANG_ENABLE_OBJC_WEAK = YES;
				CLANG_WARN_BLOCK_CAPTURE_AUTORELEASING = YES;
				CLANG_WARN_BOOL_CONVERSION = YES;
				CLANG_WARN_COMMA = YES;
				CLANG_WARN_CONSTANT_CONVERSION = YES;
				CLANG_WARN_DEPRECATED_OBJC_IMPLEMENTATIONS = YES;
				CLANG_WARN_DIRECT_OBJC_ISA_USAGE = YES_ERROR;
				CLANG_WARN_DOCUMENTATION_COMMENTS = YES;
				CLANG_WARN_EMPTY_BODY = YES;
				CLANG_WARN_ENUM_CONVERSION = YES;
				CLANG_WARN_INFINITE_RECURSION = YES;
				CLANG_WARN_INT_CONVERSION = YES;
				CLANG_WARN_NON_LITERAL_NULL_CONVERSION = YES;
				CLANG_WARN_OBJC_IMPLICIT_RETAIN_SELF = YES;
				CLANG_WARN_OBJC_LITERAL_CONVERSION = YES;
				CLANG_WARN_OBJC_ROOT_CLASS = YES_ERROR;
				CLANG_WARN_RANGE_LOOP_ANALYSIS = YES;
				CLANG_WARN_STRICT_PROTOTYPES = YES;
				CLANG_WARN_SUSPICIOUS_MOVE = YES;
				CLANG_WARN_UNGUARDED_AVAILABILITY = YES_AGGRESSIVE;
				CLANG_WARN_UNREACHABLE_CODE = YES;
				CLANG_WARN__DUPLICATE_METHOD_MATCH = YES;
				CODE_SIGN_IDENTITY = "iPhone Developer";
				COPY_PHASE_STRIP = NO;
				CURRENT_PROJECT_VERSION = 1;
				DEBUG_INFORMATION_FORMAT = "dwarf-with-dsym";
				ENABLE_NS_ASSERTIONS = NO;
				ENABLE_STRICT_OBJC_MSGSEND = YES;
				GCC_C_LANGUAGE_STANDARD = gnu11;
				GCC_NO_COMMON_BLOCKS = YES;
				GCC_WARN_64_TO_32_BIT_CONVERSION = YES;
				GCC_WARN_ABOUT_RETURN_TYPE = YES_ERROR;
				GCC_WARN_UNDECLARED_SELECTOR = YES;
				GCC_WARN_UNINITIALIZED_AUTOS = YES_AGGRESSIVE;
				GCC_WARN_UNUSED_FUNCTION = YES;
				GCC_WARN_UNUSED_VARIABLE = YES;
				IPHONEOS_DEPLOYMENT_TARGET = 12.2;
				MTL_ENABLE_DEBUG_INFO = NO;
				MTL_FAST_MATH = YES;
				SDKROOT = iphoneos;
				SWIFT_COMPILATION_MODE = wholemodule;
				SWIFT_OPTIMIZATION_LEVEL = "-O";
				VALIDATE_PRODUCT = YES;
				VERSIONING_SYSTEM = "apple-generic";
				VERSION_INFO_PREFIX = "";
			};
			name = Release;
		};
		1373B00522DC235400F28EF0 /* Debug */ = {
			isa = XCBuildConfiguration;
			buildSettings = {
				CODE_SIGN_IDENTITY = "";
				CODE_SIGN_STYLE = Automatic;
				DEFINES_MODULE = YES;
				DEVELOPMENT_TEAM = GPVA8JVMU3;
				DYLIB_COMPATIBILITY_VERSION = 1;
				DYLIB_CURRENT_VERSION = 1;
				DYLIB_INSTALL_NAME_BASE = "@rpath";
				FRAMEWORK_SEARCH_PATHS = (
					"$(inherited)",
					"$(PROJECT_DIR)/Carthage/Build/iOS",
				);
				INFOPLIST_FILE = Media/Info.plist;
				INSTALL_PATH = "$(LOCAL_LIBRARY_DIR)/Frameworks";
				IPHONEOS_DEPLOYMENT_TARGET = 12.0;
				LD_RUNPATH_SEARCH_PATHS = (
					"$(inherited)",
					"@executable_path/Frameworks",
					"@loader_path/Frameworks",
				);
				PRODUCT_BUNDLE_IDENTIFIER = com.rosberry.Media;
				PRODUCT_NAME = "$(TARGET_NAME:c99extidentifier)";
				SKIP_INSTALL = YES;
				SUPPORTS_MACCATALYST = NO;
				SWIFT_VERSION = 5.0;
				TARGETED_DEVICE_FAMILY = "1,2";
			};
			name = Debug;
		};
		1373B00622DC235400F28EF0 /* Release */ = {
			isa = XCBuildConfiguration;
			buildSettings = {
				CODE_SIGN_IDENTITY = "";
				CODE_SIGN_STYLE = Automatic;
				DEFINES_MODULE = YES;
				DEVELOPMENT_TEAM = GPVA8JVMU3;
				DYLIB_COMPATIBILITY_VERSION = 1;
				DYLIB_CURRENT_VERSION = 1;
				DYLIB_INSTALL_NAME_BASE = "@rpath";
				FRAMEWORK_SEARCH_PATHS = (
					"$(inherited)",
					"$(PROJECT_DIR)/Carthage/Build/iOS",
				);
				INFOPLIST_FILE = Media/Info.plist;
				INSTALL_PATH = "$(LOCAL_LIBRARY_DIR)/Frameworks";
				IPHONEOS_DEPLOYMENT_TARGET = 12.0;
				LD_RUNPATH_SEARCH_PATHS = (
					"$(inherited)",
					"@executable_path/Frameworks",
					"@loader_path/Frameworks",
				);
				PRODUCT_BUNDLE_IDENTIFIER = com.rosberry.Media;
				PRODUCT_NAME = "$(TARGET_NAME:c99extidentifier)";
				SKIP_INSTALL = YES;
				SUPPORTS_MACCATALYST = NO;
				SWIFT_VERSION = 5.0;
				TARGETED_DEVICE_FAMILY = "1,2";
			};
			name = Release;
		};
/* End XCBuildConfiguration section */

/* Begin XCConfigurationList section */
		1373AFF622DC235400F28EF0 /* Build configuration list for PBXProject "Media" */ = {
			isa = XCConfigurationList;
			buildConfigurations = (
				1373B00222DC235400F28EF0 /* Debug */,
				1373B00322DC235400F28EF0 /* Release */,
			);
			defaultConfigurationIsVisible = 0;
			defaultConfigurationName = Release;
		};
		1373B00422DC235400F28EF0 /* Build configuration list for PBXNativeTarget "Media" */ = {
			isa = XCConfigurationList;
			buildConfigurations = (
				1373B00522DC235400F28EF0 /* Debug */,
				1373B00622DC235400F28EF0 /* Release */,
			);
			defaultConfigurationIsVisible = 0;
			defaultConfigurationName = Release;
		};
/* End XCConfigurationList section */
	};
	rootObject = 1373AFF322DC235400F28EF0 /* Project object */;
}
